// !$*UTF8*$!
{
	archiveVersion = 1;
	classes = {
	};
	objectVersion = 46;
	objects = {

/* Begin PBXBuildFile section */
		52BECB0A1CC5A26F009CD791 /* SystemConfiguration.framework in Frameworks */ = {isa = PBXBuildFile; fileRef = 52BECB091CC5A26F009CD791 /* SystemConfiguration.framework */; };
		5548BE781D09E718005DDE81 /* libmbgl-core.a in Frameworks */ = {isa = PBXBuildFile; fileRef = DAE6C3451CC31D1200DB3429 /* libmbgl-core.a */; };
		5548BE7D1D0ACCD6005DDE81 /* libmbgl-core.a in Frameworks */ = {isa = PBXBuildFile; fileRef = DAE6C3451CC31D1200DB3429 /* libmbgl-core.a */; };
		558F18221D0B13B100123F46 /* libmbgl-loop.a in Frameworks */ = {isa = PBXBuildFile; fileRef = 558F18211D0B13B000123F46 /* libmbgl-loop.a */; };
		55D9B4B11D005D3900C1CCE2 /* libz.tbd in Frameworks */ = {isa = PBXBuildFile; fileRef = 55D9B4B01D005D3900C1CCE2 /* libz.tbd */; };
		DA0CD58E1CF56F5800A5F5A5 /* MGLFeatureTests.mm in Sources */ = {isa = PBXBuildFile; fileRef = DA0CD58D1CF56F5800A5F5A5 /* MGLFeatureTests.mm */; };
		DA35A2A41CC9EB1A00E826B2 /* MGLCoordinateFormatter.h in Headers */ = {isa = PBXBuildFile; fileRef = DA35A2A31CC9EB1A00E826B2 /* MGLCoordinateFormatter.h */; settings = {ATTRIBUTES = (Public, ); }; };
		DA35A2A61CC9EB2700E826B2 /* MGLCoordinateFormatter.m in Sources */ = {isa = PBXBuildFile; fileRef = DA35A2A51CC9EB2700E826B2 /* MGLCoordinateFormatter.m */; };
		DA35A2A81CC9F41600E826B2 /* MGLCoordinateFormatterTests.m in Sources */ = {isa = PBXBuildFile; fileRef = DA35A2A71CC9F41600E826B2 /* MGLCoordinateFormatterTests.m */; };
		DA35A2AD1CCA091800E826B2 /* MGLCompassDirectionFormatter.h in Headers */ = {isa = PBXBuildFile; fileRef = DA35A2AB1CCA091800E826B2 /* MGLCompassDirectionFormatter.h */; settings = {ATTRIBUTES = (Public, ); }; };
		DA35A2AE1CCA091800E826B2 /* MGLCompassDirectionFormatter.m in Sources */ = {isa = PBXBuildFile; fileRef = DA35A2AC1CCA091800E826B2 /* MGLCompassDirectionFormatter.m */; };
		DA35A2B61CCA14D700E826B2 /* MGLCompassDirectionFormatterTests.m in Sources */ = {isa = PBXBuildFile; fileRef = DA35A2B51CCA14D700E826B2 /* MGLCompassDirectionFormatterTests.m */; };
		DA35A2BF1CCA9B1A00E826B2 /* MGLClockDirectionFormatter.h in Headers */ = {isa = PBXBuildFile; fileRef = DA35A2BD1CCA9B1A00E826B2 /* MGLClockDirectionFormatter.h */; settings = {ATTRIBUTES = (Public, ); }; };
		DA35A2C01CCA9B1A00E826B2 /* MGLClockDirectionFormatter.m in Sources */ = {isa = PBXBuildFile; fileRef = DA35A2BE1CCA9B1A00E826B2 /* MGLClockDirectionFormatter.m */; };
		DA35A2C21CCA9F4A00E826B2 /* MGLClockDirectionFormatterTests.m in Sources */ = {isa = PBXBuildFile; fileRef = DA35A2C11CCA9F4A00E826B2 /* MGLClockDirectionFormatterTests.m */; };
		DA35A2CF1CCAAED300E826B2 /* NSValue+MGLAdditions.h in Headers */ = {isa = PBXBuildFile; fileRef = DA35A2CD1CCAAED300E826B2 /* NSValue+MGLAdditions.h */; settings = {ATTRIBUTES = (Public, ); }; };
		DA35A2D01CCAAED300E826B2 /* NSValue+MGLAdditions.m in Sources */ = {isa = PBXBuildFile; fileRef = DA35A2CE1CCAAED300E826B2 /* NSValue+MGLAdditions.m */; };
		DA5589771D320C41006B7F64 /* wms.json in Resources */ = {isa = PBXBuildFile; fileRef = DA5589761D320C41006B7F64 /* wms.json */; };
		DA839E971CC2E3400062CAFB /* AppDelegate.m in Sources */ = {isa = PBXBuildFile; fileRef = DA839E961CC2E3400062CAFB /* AppDelegate.m */; };
		DA839E9A1CC2E3400062CAFB /* main.m in Sources */ = {isa = PBXBuildFile; fileRef = DA839E991CC2E3400062CAFB /* main.m */; };
		DA839E9D1CC2E3400062CAFB /* MapDocument.m in Sources */ = {isa = PBXBuildFile; fileRef = DA839E9C1CC2E3400062CAFB /* MapDocument.m */; };
		DA839EA01CC2E3400062CAFB /* MapDocument.xib in Resources */ = {isa = PBXBuildFile; fileRef = DA839E9E1CC2E3400062CAFB /* MapDocument.xib */; };
		DA839EA21CC2E3400062CAFB /* Assets.xcassets in Resources */ = {isa = PBXBuildFile; fileRef = DA839EA11CC2E3400062CAFB /* Assets.xcassets */; };
		DA839EA51CC2E3400062CAFB /* MainMenu.xib in Resources */ = {isa = PBXBuildFile; fileRef = DA839EA31CC2E3400062CAFB /* MainMenu.xib */; };
		DA8933A51CCD287300E68420 /* MGLAnnotationCallout.xib in Resources */ = {isa = PBXBuildFile; fileRef = DA8933A71CCD287300E68420 /* MGLAnnotationCallout.xib */; };
		DA8933AE1CCD290700E68420 /* Localizable.strings in Resources */ = {isa = PBXBuildFile; fileRef = DA8933AB1CCD290700E68420 /* Localizable.strings */; };
		DA8933B51CCD2C2500E68420 /* Foundation.strings in Resources */ = {isa = PBXBuildFile; fileRef = DA8933B31CCD2C2500E68420 /* Foundation.strings */; };
		DA8933B81CCD2C2D00E68420 /* Foundation.stringsdict in Resources */ = {isa = PBXBuildFile; fileRef = DA8933B61CCD2C2D00E68420 /* Foundation.stringsdict */; };
		DAC2ABC51CC6D343006D18C4 /* MGLAnnotationImage_Private.h in Headers */ = {isa = PBXBuildFile; fileRef = DAC2ABC41CC6D343006D18C4 /* MGLAnnotationImage_Private.h */; };
		DACC22141CF3D3E200D220D9 /* MGLFeature.h in Headers */ = {isa = PBXBuildFile; fileRef = DACC22121CF3D3E200D220D9 /* MGLFeature.h */; settings = {ATTRIBUTES = (Public, ); }; };
		DACC22151CF3D3E200D220D9 /* MGLFeature.mm in Sources */ = {isa = PBXBuildFile; fileRef = DACC22131CF3D3E200D220D9 /* MGLFeature.mm */; };
		DACC22181CF3D4F700D220D9 /* MGLFeature_Private.h in Headers */ = {isa = PBXBuildFile; fileRef = DACC22171CF3D4F700D220D9 /* MGLFeature_Private.h */; };
		DAD165741CF4CD7A001FF4B9 /* MGLShapeCollection.h in Headers */ = {isa = PBXBuildFile; fileRef = DAD165721CF4CD7A001FF4B9 /* MGLShapeCollection.h */; settings = {ATTRIBUTES = (Public, ); }; };
		DAD165751CF4CD7A001FF4B9 /* MGLShapeCollection.m in Sources */ = {isa = PBXBuildFile; fileRef = DAD165731CF4CD7A001FF4B9 /* MGLShapeCollection.m */; };
		DAE6C2E21CC304F900DB3429 /* Credits.rtf in Resources */ = {isa = PBXBuildFile; fileRef = DAE6C2E11CC304F900DB3429 /* Credits.rtf */; };
		DAE6C2ED1CC3050F00DB3429 /* DroppedPinAnnotation.m in Sources */ = {isa = PBXBuildFile; fileRef = DAE6C2E41CC3050F00DB3429 /* DroppedPinAnnotation.m */; };
		DAE6C2EE1CC3050F00DB3429 /* LocationCoordinate2DTransformer.m in Sources */ = {isa = PBXBuildFile; fileRef = DAE6C2E61CC3050F00DB3429 /* LocationCoordinate2DTransformer.m */; };
		DAE6C2F01CC3050F00DB3429 /* OfflinePackNameValueTransformer.m in Sources */ = {isa = PBXBuildFile; fileRef = DAE6C2EA1CC3050F00DB3429 /* OfflinePackNameValueTransformer.m */; };
		DAE6C2F11CC3050F00DB3429 /* TimeIntervalTransformer.m in Sources */ = {isa = PBXBuildFile; fileRef = DAE6C2EC1CC3050F00DB3429 /* TimeIntervalTransformer.m */; };
		DAE6C3321CC30DB200DB3429 /* Mapbox.framework in Frameworks */ = {isa = PBXBuildFile; fileRef = DAE6C3281CC30DB200DB3429 /* Mapbox.framework */; };
		DAE6C33D1CC30DB200DB3429 /* Mapbox.framework in Frameworks */ = {isa = PBXBuildFile; fileRef = DAE6C3281CC30DB200DB3429 /* Mapbox.framework */; };
		DAE6C33E1CC30DB200DB3429 /* Mapbox.framework in Embed Frameworks */ = {isa = PBXBuildFile; fileRef = DAE6C3281CC30DB200DB3429 /* Mapbox.framework */; settings = {ATTRIBUTES = (CodeSignOnCopy, RemoveHeadersOnCopy, ); }; };
		DAE6C35A1CC31E0400DB3429 /* MGLAccountManager.h in Headers */ = {isa = PBXBuildFile; fileRef = DAE6C34A1CC31E0400DB3429 /* MGLAccountManager.h */; settings = {ATTRIBUTES = (Public, ); }; };
		DAE6C35B1CC31E0400DB3429 /* MGLAnnotation.h in Headers */ = {isa = PBXBuildFile; fileRef = DAE6C34B1CC31E0400DB3429 /* MGLAnnotation.h */; settings = {ATTRIBUTES = (Public, ); }; };
		DAE6C35C1CC31E0400DB3429 /* MGLGeometry.h in Headers */ = {isa = PBXBuildFile; fileRef = DAE6C34C1CC31E0400DB3429 /* MGLGeometry.h */; settings = {ATTRIBUTES = (Public, ); }; };
		DAE6C35D1CC31E0400DB3429 /* MGLMapCamera.h in Headers */ = {isa = PBXBuildFile; fileRef = DAE6C34D1CC31E0400DB3429 /* MGLMapCamera.h */; settings = {ATTRIBUTES = (Public, ); }; };
		DAE6C35E1CC31E0400DB3429 /* MGLMultiPoint.h in Headers */ = {isa = PBXBuildFile; fileRef = DAE6C34E1CC31E0400DB3429 /* MGLMultiPoint.h */; settings = {ATTRIBUTES = (Public, ); }; };
		DAE6C35F1CC31E0400DB3429 /* MGLOfflinePack.h in Headers */ = {isa = PBXBuildFile; fileRef = DAE6C34F1CC31E0400DB3429 /* MGLOfflinePack.h */; settings = {ATTRIBUTES = (Public, ); }; };
		DAE6C3601CC31E0400DB3429 /* MGLOfflineRegion.h in Headers */ = {isa = PBXBuildFile; fileRef = DAE6C3501CC31E0400DB3429 /* MGLOfflineRegion.h */; settings = {ATTRIBUTES = (Public, ); }; };
		DAE6C3611CC31E0400DB3429 /* MGLOfflineStorage.h in Headers */ = {isa = PBXBuildFile; fileRef = DAE6C3511CC31E0400DB3429 /* MGLOfflineStorage.h */; settings = {ATTRIBUTES = (Public, ); }; };
		DAE6C3621CC31E0400DB3429 /* MGLOverlay.h in Headers */ = {isa = PBXBuildFile; fileRef = DAE6C3521CC31E0400DB3429 /* MGLOverlay.h */; settings = {ATTRIBUTES = (Public, ); }; };
		DAE6C3631CC31E0400DB3429 /* MGLPointAnnotation.h in Headers */ = {isa = PBXBuildFile; fileRef = DAE6C3531CC31E0400DB3429 /* MGLPointAnnotation.h */; settings = {ATTRIBUTES = (Public, ); }; };
		DAE6C3641CC31E0400DB3429 /* MGLPolygon.h in Headers */ = {isa = PBXBuildFile; fileRef = DAE6C3541CC31E0400DB3429 /* MGLPolygon.h */; settings = {ATTRIBUTES = (Public, ); }; };
		DAE6C3651CC31E0400DB3429 /* MGLPolyline.h in Headers */ = {isa = PBXBuildFile; fileRef = DAE6C3551CC31E0400DB3429 /* MGLPolyline.h */; settings = {ATTRIBUTES = (Public, ); }; };
		DAE6C3661CC31E0400DB3429 /* MGLShape.h in Headers */ = {isa = PBXBuildFile; fileRef = DAE6C3561CC31E0400DB3429 /* MGLShape.h */; settings = {ATTRIBUTES = (Public, ); }; };
		DAE6C3671CC31E0400DB3429 /* MGLStyle.h in Headers */ = {isa = PBXBuildFile; fileRef = DAE6C3571CC31E0400DB3429 /* MGLStyle.h */; settings = {ATTRIBUTES = (Public, ); }; };
		DAE6C3681CC31E0400DB3429 /* MGLTilePyramidOfflineRegion.h in Headers */ = {isa = PBXBuildFile; fileRef = DAE6C3581CC31E0400DB3429 /* MGLTilePyramidOfflineRegion.h */; settings = {ATTRIBUTES = (Public, ); }; };
		DAE6C3691CC31E0400DB3429 /* MGLTypes.h in Headers */ = {isa = PBXBuildFile; fileRef = DAE6C3591CC31E0400DB3429 /* MGLTypes.h */; settings = {ATTRIBUTES = (Public, ); }; };
		DAE6C3841CC31E2A00DB3429 /* MGLAccountManager_Private.h in Headers */ = {isa = PBXBuildFile; fileRef = DAE6C36A1CC31E2A00DB3429 /* MGLAccountManager_Private.h */; };
		DAE6C3851CC31E2A00DB3429 /* MGLAccountManager.m in Sources */ = {isa = PBXBuildFile; fileRef = DAE6C36B1CC31E2A00DB3429 /* MGLAccountManager.m */; };
		DAE6C3861CC31E2A00DB3429 /* MGLGeometry_Private.h in Headers */ = {isa = PBXBuildFile; fileRef = DAE6C36C1CC31E2A00DB3429 /* MGLGeometry_Private.h */; };
		DAE6C3871CC31E2A00DB3429 /* MGLGeometry.mm in Sources */ = {isa = PBXBuildFile; fileRef = DAE6C36D1CC31E2A00DB3429 /* MGLGeometry.mm */; };
		DAE6C3881CC31E2A00DB3429 /* MGLMapCamera.mm in Sources */ = {isa = PBXBuildFile; fileRef = DAE6C36E1CC31E2A00DB3429 /* MGLMapCamera.mm */; };
		DAE6C3891CC31E2A00DB3429 /* MGLMultiPoint_Private.h in Headers */ = {isa = PBXBuildFile; fileRef = DAE6C36F1CC31E2A00DB3429 /* MGLMultiPoint_Private.h */; };
		DAE6C38A1CC31E2A00DB3429 /* MGLMultiPoint.mm in Sources */ = {isa = PBXBuildFile; fileRef = DAE6C3701CC31E2A00DB3429 /* MGLMultiPoint.mm */; };
		DAE6C38B1CC31E2A00DB3429 /* MGLOfflinePack_Private.h in Headers */ = {isa = PBXBuildFile; fileRef = DAE6C3711CC31E2A00DB3429 /* MGLOfflinePack_Private.h */; };
		DAE6C38C1CC31E2A00DB3429 /* MGLOfflinePack.mm in Sources */ = {isa = PBXBuildFile; fileRef = DAE6C3721CC31E2A00DB3429 /* MGLOfflinePack.mm */; };
		DAE6C38D1CC31E2A00DB3429 /* MGLOfflineRegion_Private.h in Headers */ = {isa = PBXBuildFile; fileRef = DAE6C3731CC31E2A00DB3429 /* MGLOfflineRegion_Private.h */; };
		DAE6C38E1CC31E2A00DB3429 /* MGLOfflineStorage_Private.h in Headers */ = {isa = PBXBuildFile; fileRef = DAE6C3741CC31E2A00DB3429 /* MGLOfflineStorage_Private.h */; };
		DAE6C38F1CC31E2A00DB3429 /* MGLOfflineStorage.mm in Sources */ = {isa = PBXBuildFile; fileRef = DAE6C3751CC31E2A00DB3429 /* MGLOfflineStorage.mm */; };
		DAE6C3901CC31E2A00DB3429 /* MGLPointAnnotation.m in Sources */ = {isa = PBXBuildFile; fileRef = DAE6C3761CC31E2A00DB3429 /* MGLPointAnnotation.m */; };
		DAE6C3911CC31E2A00DB3429 /* MGLPolygon.mm in Sources */ = {isa = PBXBuildFile; fileRef = DAE6C3771CC31E2A00DB3429 /* MGLPolygon.mm */; };
		DAE6C3921CC31E2A00DB3429 /* MGLPolyline.mm in Sources */ = {isa = PBXBuildFile; fileRef = DAE6C3781CC31E2A00DB3429 /* MGLPolyline.mm */; };
		DAE6C3931CC31E2A00DB3429 /* MGLShape.m in Sources */ = {isa = PBXBuildFile; fileRef = DAE6C3791CC31E2A00DB3429 /* MGLShape.m */; };
		DAE6C3941CC31E2A00DB3429 /* MGLStyle.mm in Sources */ = {isa = PBXBuildFile; fileRef = DAE6C37A1CC31E2A00DB3429 /* MGLStyle.mm */; };
		DAE6C3951CC31E2A00DB3429 /* MGLTilePyramidOfflineRegion.mm in Sources */ = {isa = PBXBuildFile; fileRef = DAE6C37B1CC31E2A00DB3429 /* MGLTilePyramidOfflineRegion.mm */; };
		DAE6C3961CC31E2A00DB3429 /* MGLTypes.m in Sources */ = {isa = PBXBuildFile; fileRef = DAE6C37C1CC31E2A00DB3429 /* MGLTypes.m */; };
		DAE6C3971CC31E2A00DB3429 /* NSBundle+MGLAdditions.h in Headers */ = {isa = PBXBuildFile; fileRef = DAE6C37D1CC31E2A00DB3429 /* NSBundle+MGLAdditions.h */; };
		DAE6C3981CC31E2A00DB3429 /* NSBundle+MGLAdditions.m in Sources */ = {isa = PBXBuildFile; fileRef = DAE6C37E1CC31E2A00DB3429 /* NSBundle+MGLAdditions.m */; };
		DAE6C3991CC31E2A00DB3429 /* NSException+MGLAdditions.h in Headers */ = {isa = PBXBuildFile; fileRef = DAE6C37F1CC31E2A00DB3429 /* NSException+MGLAdditions.h */; };
		DAE6C39A1CC31E2A00DB3429 /* NSProcessInfo+MGLAdditions.h in Headers */ = {isa = PBXBuildFile; fileRef = DAE6C3801CC31E2A00DB3429 /* NSProcessInfo+MGLAdditions.h */; };
		DAE6C39B1CC31E2A00DB3429 /* NSProcessInfo+MGLAdditions.m in Sources */ = {isa = PBXBuildFile; fileRef = DAE6C3811CC31E2A00DB3429 /* NSProcessInfo+MGLAdditions.m */; };
		DAE6C39C1CC31E2A00DB3429 /* NSString+MGLAdditions.h in Headers */ = {isa = PBXBuildFile; fileRef = DAE6C3821CC31E2A00DB3429 /* NSString+MGLAdditions.h */; };
		DAE6C39D1CC31E2A00DB3429 /* NSString+MGLAdditions.m in Sources */ = {isa = PBXBuildFile; fileRef = DAE6C3831CC31E2A00DB3429 /* NSString+MGLAdditions.m */; };
		DAE6C3A31CC31E9400DB3429 /* MGLAnnotationImage.h in Headers */ = {isa = PBXBuildFile; fileRef = DAE6C39F1CC31E9400DB3429 /* MGLAnnotationImage.h */; settings = {ATTRIBUTES = (Public, ); }; };
		DAE6C3A41CC31E9400DB3429 /* MGLMapView.h in Headers */ = {isa = PBXBuildFile; fileRef = DAE6C3A01CC31E9400DB3429 /* MGLMapView.h */; settings = {ATTRIBUTES = (Public, ); }; };
		DAE6C3A51CC31E9400DB3429 /* MGLMapView+IBAdditions.h in Headers */ = {isa = PBXBuildFile; fileRef = DAE6C3A11CC31E9400DB3429 /* MGLMapView+IBAdditions.h */; settings = {ATTRIBUTES = (Public, ); }; };
		DAE6C3A61CC31E9400DB3429 /* MGLMapViewDelegate.h in Headers */ = {isa = PBXBuildFile; fileRef = DAE6C3A21CC31E9400DB3429 /* MGLMapViewDelegate.h */; settings = {ATTRIBUTES = (Public, ); }; };
		DAE6C3B11CC31EF300DB3429 /* MGLAnnotationImage.m in Sources */ = {isa = PBXBuildFile; fileRef = DAE6C3A71CC31EF300DB3429 /* MGLAnnotationImage.m */; };
		DAE6C3B21CC31EF300DB3429 /* MGLAttributionButton.h in Headers */ = {isa = PBXBuildFile; fileRef = DAE6C3A81CC31EF300DB3429 /* MGLAttributionButton.h */; };
		DAE6C3B31CC31EF300DB3429 /* MGLAttributionButton.m in Sources */ = {isa = PBXBuildFile; fileRef = DAE6C3A91CC31EF300DB3429 /* MGLAttributionButton.m */; };
		DAE6C3B41CC31EF300DB3429 /* MGLCompassCell.h in Headers */ = {isa = PBXBuildFile; fileRef = DAE6C3AA1CC31EF300DB3429 /* MGLCompassCell.h */; };
		DAE6C3B51CC31EF300DB3429 /* MGLCompassCell.m in Sources */ = {isa = PBXBuildFile; fileRef = DAE6C3AB1CC31EF300DB3429 /* MGLCompassCell.m */; };
		DAE6C3B61CC31EF300DB3429 /* MGLMapView_Private.h in Headers */ = {isa = PBXBuildFile; fileRef = DAE6C3AC1CC31EF300DB3429 /* MGLMapView_Private.h */; };
		DAE6C3B71CC31EF300DB3429 /* MGLMapView.mm in Sources */ = {isa = PBXBuildFile; fileRef = DAE6C3AD1CC31EF300DB3429 /* MGLMapView.mm */; };
		DAE6C3B81CC31EF300DB3429 /* MGLMapView+IBAdditions.m in Sources */ = {isa = PBXBuildFile; fileRef = DAE6C3AE1CC31EF300DB3429 /* MGLMapView+IBAdditions.m */; };
		DAE6C3B91CC31EF300DB3429 /* MGLOpenGLLayer.h in Headers */ = {isa = PBXBuildFile; fileRef = DAE6C3AF1CC31EF300DB3429 /* MGLOpenGLLayer.h */; };
		DAE6C3BA1CC31EF300DB3429 /* MGLOpenGLLayer.mm in Sources */ = {isa = PBXBuildFile; fileRef = DAE6C3B01CC31EF300DB3429 /* MGLOpenGLLayer.mm */; };
		DAE6C3BE1CC31F2E00DB3429 /* default_marker.pdf in Resources */ = {isa = PBXBuildFile; fileRef = DAE6C3BB1CC31F2E00DB3429 /* default_marker.pdf */; };
		DAE6C3BF1CC31F2E00DB3429 /* mapbox.pdf in Resources */ = {isa = PBXBuildFile; fileRef = DAE6C3BC1CC31F2E00DB3429 /* mapbox.pdf */; };
		DAE6C3C21CC31F4500DB3429 /* Mapbox.h in Headers */ = {isa = PBXBuildFile; fileRef = DAE6C3C11CC31F4500DB3429 /* Mapbox.h */; settings = {ATTRIBUTES = (Public, ); }; };
		DAE6C3C71CC3499100DB3429 /* libsqlite3.tbd in Frameworks */ = {isa = PBXBuildFile; fileRef = DAE6C3C61CC3499100DB3429 /* libsqlite3.tbd */; };
		DAE6C3D21CC34C9900DB3429 /* MGLGeometryTests.mm in Sources */ = {isa = PBXBuildFile; fileRef = DAE6C3C81CC34BD800DB3429 /* MGLGeometryTests.mm */; };
		DAE6C3D31CC34C9900DB3429 /* MGLOfflinePackTests.m in Sources */ = {isa = PBXBuildFile; fileRef = DAE6C3C91CC34BD800DB3429 /* MGLOfflinePackTests.m */; };
		DAE6C3D41CC34C9900DB3429 /* MGLOfflineRegionTests.m in Sources */ = {isa = PBXBuildFile; fileRef = DAE6C3CA1CC34BD800DB3429 /* MGLOfflineRegionTests.m */; };
		DAE6C3D51CC34C9900DB3429 /* MGLOfflineStorageTests.m in Sources */ = {isa = PBXBuildFile; fileRef = DAE6C3CB1CC34BD800DB3429 /* MGLOfflineStorageTests.m */; };
		DAE6C3D61CC34C9900DB3429 /* MGLStyleTests.mm in Sources */ = {isa = PBXBuildFile; fileRef = DAE6C3CC1CC34BD800DB3429 /* MGLStyleTests.mm */; };
/* End PBXBuildFile section */

/* Begin PBXContainerItemProxy section */
		DAE6C3331CC30DB200DB3429 /* PBXContainerItemProxy */ = {
			isa = PBXContainerItemProxy;
			containerPortal = DA839E8A1CC2E3400062CAFB /* Project object */;
			proxyType = 1;
			remoteGlobalIDString = DAE6C3271CC30DB200DB3429;
			remoteInfo = dynamic;
		};
		DAE6C33B1CC30DB200DB3429 /* PBXContainerItemProxy */ = {
			isa = PBXContainerItemProxy;
			containerPortal = DA839E8A1CC2E3400062CAFB /* Project object */;
			proxyType = 1;
			remoteGlobalIDString = DAE6C3271CC30DB200DB3429;
			remoteInfo = dynamic;
		};
/* End PBXContainerItemProxy section */

/* Begin PBXCopyFilesBuildPhase section */
		DAE6C3221CC30B3C00DB3429 /* Embed Frameworks */ = {
			isa = PBXCopyFilesBuildPhase;
			buildActionMask = 2147483647;
			dstPath = "";
			dstSubfolderSpec = 10;
			files = (
				DAE6C33E1CC30DB200DB3429 /* Mapbox.framework in Embed Frameworks */,
			);
			name = "Embed Frameworks";
			runOnlyForDeploymentPostprocessing = 0;
		};
/* End PBXCopyFilesBuildPhase section */

/* Begin PBXFileReference section */
		52BECB091CC5A26F009CD791 /* SystemConfiguration.framework */ = {isa = PBXFileReference; lastKnownFileType = wrapper.framework; name = SystemConfiguration.framework; path = System/Library/Frameworks/SystemConfiguration.framework; sourceTree = SDKROOT; };
		5548BE791D0ACBB2005DDE81 /* libmbgl-loop-darwin.a */ = {isa = PBXFileReference; lastKnownFileType = archive.ar; name = "libmbgl-loop-darwin.a"; path = "cmake/Debug/libmbgl-loop-darwin.a"; sourceTree = "<group>"; };
		5548BE7B1D0ACBBD005DDE81 /* libmbgl-loop-darwin.a */ = {isa = PBXFileReference; lastKnownFileType = archive.ar; name = "libmbgl-loop-darwin.a"; path = "cmake/Debug/libmbgl-loop-darwin.a"; sourceTree = "<group>"; };
		558F18211D0B13B000123F46 /* libmbgl-loop.a */ = {isa = PBXFileReference; lastKnownFileType = archive.ar; name = "libmbgl-loop.a"; path = "../../build/osx/Debug/libmbgl-loop.a"; sourceTree = "<group>"; };
		55D9B4B01D005D3900C1CCE2 /* libz.tbd */ = {isa = PBXFileReference; lastKnownFileType = "sourcecode.text-based-dylib-definition"; name = libz.tbd; path = usr/lib/libz.tbd; sourceTree = SDKROOT; };
		55FE0E8D1D100A0900FD240B /* config.xcconfig */ = {isa = PBXFileReference; lastKnownFileType = text.xcconfig; name = config.xcconfig; path = ../../build/macos/config.xcconfig; sourceTree = "<group>"; };
		DA0CD58D1CF56F5800A5F5A5 /* MGLFeatureTests.mm */ = {isa = PBXFileReference; fileEncoding = 4; lastKnownFileType = sourcecode.cpp.objcpp; name = MGLFeatureTests.mm; path = ../../darwin/test/MGLFeatureTests.mm; sourceTree = "<group>"; };
		DA35A2A31CC9EB1A00E826B2 /* MGLCoordinateFormatter.h */ = {isa = PBXFileReference; fileEncoding = 4; lastKnownFileType = sourcecode.c.h; path = MGLCoordinateFormatter.h; sourceTree = "<group>"; };
		DA35A2A51CC9EB2700E826B2 /* MGLCoordinateFormatter.m */ = {isa = PBXFileReference; fileEncoding = 4; lastKnownFileType = sourcecode.c.objc; path = MGLCoordinateFormatter.m; sourceTree = "<group>"; };
		DA35A2A71CC9F41600E826B2 /* MGLCoordinateFormatterTests.m */ = {isa = PBXFileReference; fileEncoding = 4; lastKnownFileType = sourcecode.c.objc; name = MGLCoordinateFormatterTests.m; path = ../../darwin/test/MGLCoordinateFormatterTests.m; sourceTree = "<group>"; };
		DA35A2AB1CCA091800E826B2 /* MGLCompassDirectionFormatter.h */ = {isa = PBXFileReference; fileEncoding = 4; lastKnownFileType = sourcecode.c.h; path = MGLCompassDirectionFormatter.h; sourceTree = "<group>"; };
		DA35A2AC1CCA091800E826B2 /* MGLCompassDirectionFormatter.m */ = {isa = PBXFileReference; fileEncoding = 4; lastKnownFileType = sourcecode.c.objc; path = MGLCompassDirectionFormatter.m; sourceTree = "<group>"; };
		DA35A2B51CCA14D700E826B2 /* MGLCompassDirectionFormatterTests.m */ = {isa = PBXFileReference; fileEncoding = 4; lastKnownFileType = sourcecode.c.objc; name = MGLCompassDirectionFormatterTests.m; path = ../../darwin/test/MGLCompassDirectionFormatterTests.m; sourceTree = "<group>"; };
		DA35A2BD1CCA9B1A00E826B2 /* MGLClockDirectionFormatter.h */ = {isa = PBXFileReference; fileEncoding = 4; lastKnownFileType = sourcecode.c.h; path = MGLClockDirectionFormatter.h; sourceTree = "<group>"; };
		DA35A2BE1CCA9B1A00E826B2 /* MGLClockDirectionFormatter.m */ = {isa = PBXFileReference; fileEncoding = 4; lastKnownFileType = sourcecode.c.objc; path = MGLClockDirectionFormatter.m; sourceTree = "<group>"; };
		DA35A2C11CCA9F4A00E826B2 /* MGLClockDirectionFormatterTests.m */ = {isa = PBXFileReference; fileEncoding = 4; lastKnownFileType = sourcecode.c.objc; name = MGLClockDirectionFormatterTests.m; path = ../../darwin/test/MGLClockDirectionFormatterTests.m; sourceTree = "<group>"; };
		DA35A2CD1CCAAED300E826B2 /* NSValue+MGLAdditions.h */ = {isa = PBXFileReference; fileEncoding = 4; lastKnownFileType = sourcecode.c.h; path = "NSValue+MGLAdditions.h"; sourceTree = "<group>"; };
		DA35A2CE1CCAAED300E826B2 /* NSValue+MGLAdditions.m */ = {isa = PBXFileReference; fileEncoding = 4; lastKnownFileType = sourcecode.c.objc; path = "NSValue+MGLAdditions.m"; sourceTree = "<group>"; };
		DA5589761D320C41006B7F64 /* wms.json */ = {isa = PBXFileReference; fileEncoding = 4; lastKnownFileType = text.json; path = wms.json; sourceTree = "<group>"; };
		DA839E921CC2E3400062CAFB /* Mapbox GL.app */ = {isa = PBXFileReference; explicitFileType = wrapper.application; includeInIndex = 0; path = "Mapbox GL.app"; sourceTree = BUILT_PRODUCTS_DIR; };
		DA839E951CC2E3400062CAFB /* AppDelegate.h */ = {isa = PBXFileReference; lastKnownFileType = sourcecode.c.h; path = AppDelegate.h; sourceTree = "<group>"; };
		DA839E961CC2E3400062CAFB /* AppDelegate.m */ = {isa = PBXFileReference; lastKnownFileType = sourcecode.c.objc; path = AppDelegate.m; sourceTree = "<group>"; };
		DA839E991CC2E3400062CAFB /* main.m */ = {isa = PBXFileReference; lastKnownFileType = sourcecode.c.objc; path = main.m; sourceTree = "<group>"; };
		DA839E9B1CC2E3400062CAFB /* MapDocument.h */ = {isa = PBXFileReference; lastKnownFileType = sourcecode.c.h; path = MapDocument.h; sourceTree = "<group>"; };
		DA839E9C1CC2E3400062CAFB /* MapDocument.m */ = {isa = PBXFileReference; lastKnownFileType = sourcecode.c.objc; path = MapDocument.m; sourceTree = "<group>"; };
		DA839E9F1CC2E3400062CAFB /* Base */ = {isa = PBXFileReference; lastKnownFileType = file.xib; name = Base; path = Base.lproj/MapDocument.xib; sourceTree = "<group>"; };
		DA839EA11CC2E3400062CAFB /* Assets.xcassets */ = {isa = PBXFileReference; lastKnownFileType = folder.assetcatalog; path = Assets.xcassets; sourceTree = "<group>"; };
		DA839EA41CC2E3400062CAFB /* Base */ = {isa = PBXFileReference; lastKnownFileType = file.xib; name = Base; path = Base.lproj/MainMenu.xib; sourceTree = "<group>"; };
		DA839EA61CC2E3400062CAFB /* Info.plist */ = {isa = PBXFileReference; lastKnownFileType = text.plist.xml; path = Info.plist; sourceTree = "<group>"; };
		DA8933A61CCD287300E68420 /* Base */ = {isa = PBXFileReference; lastKnownFileType = file.xib; name = Base; path = Base.lproj/MGLAnnotationCallout.xib; sourceTree = "<group>"; };
		DA8933AC1CCD290700E68420 /* Base */ = {isa = PBXFileReference; lastKnownFileType = text.plist.strings; name = Base; path = Base.lproj/Localizable.strings; sourceTree = "<group>"; };
		DA8933B41CCD2C2500E68420 /* Base */ = {isa = PBXFileReference; lastKnownFileType = text.plist.strings; name = Base; path = Base.lproj/Foundation.strings; sourceTree = "<group>"; };
		DA8933B71CCD2C2D00E68420 /* en */ = {isa = PBXFileReference; lastKnownFileType = text.plist.stringsdict; name = en; path = en.lproj/Foundation.stringsdict; sourceTree = "<group>"; };
		DAC2ABC41CC6D343006D18C4 /* MGLAnnotationImage_Private.h */ = {isa = PBXFileReference; fileEncoding = 4; lastKnownFileType = sourcecode.c.h; path = MGLAnnotationImage_Private.h; sourceTree = "<group>"; };
		DACC22121CF3D3E200D220D9 /* MGLFeature.h */ = {isa = PBXFileReference; fileEncoding = 4; lastKnownFileType = sourcecode.c.h; path = MGLFeature.h; sourceTree = "<group>"; };
		DACC22131CF3D3E200D220D9 /* MGLFeature.mm */ = {isa = PBXFileReference; fileEncoding = 4; lastKnownFileType = sourcecode.cpp.objcpp; path = MGLFeature.mm; sourceTree = "<group>"; };
		DACC22171CF3D4F700D220D9 /* MGLFeature_Private.h */ = {isa = PBXFileReference; fileEncoding = 4; lastKnownFileType = sourcecode.c.h; path = MGLFeature_Private.h; sourceTree = "<group>"; };
		DAD165721CF4CD7A001FF4B9 /* MGLShapeCollection.h */ = {isa = PBXFileReference; fileEncoding = 4; lastKnownFileType = sourcecode.c.h; path = MGLShapeCollection.h; sourceTree = "<group>"; };
		DAD165731CF4CD7A001FF4B9 /* MGLShapeCollection.m */ = {isa = PBXFileReference; fileEncoding = 4; lastKnownFileType = sourcecode.c.objc; path = MGLShapeCollection.m; sourceTree = "<group>"; };
		DAE6C2E11CC304F900DB3429 /* Credits.rtf */ = {isa = PBXFileReference; fileEncoding = 4; lastKnownFileType = text.rtf; path = Credits.rtf; sourceTree = "<group>"; };
		DAE6C2E31CC3050F00DB3429 /* DroppedPinAnnotation.h */ = {isa = PBXFileReference; fileEncoding = 4; lastKnownFileType = sourcecode.c.h; path = DroppedPinAnnotation.h; sourceTree = "<group>"; };
		DAE6C2E41CC3050F00DB3429 /* DroppedPinAnnotation.m */ = {isa = PBXFileReference; fileEncoding = 4; lastKnownFileType = sourcecode.c.objc; path = DroppedPinAnnotation.m; sourceTree = "<group>"; };
		DAE6C2E51CC3050F00DB3429 /* LocationCoordinate2DTransformer.h */ = {isa = PBXFileReference; fileEncoding = 4; lastKnownFileType = sourcecode.c.h; path = LocationCoordinate2DTransformer.h; sourceTree = "<group>"; };
		DAE6C2E61CC3050F00DB3429 /* LocationCoordinate2DTransformer.m */ = {isa = PBXFileReference; fileEncoding = 4; lastKnownFileType = sourcecode.c.objc; path = LocationCoordinate2DTransformer.m; sourceTree = "<group>"; };
		DAE6C2E91CC3050F00DB3429 /* OfflinePackNameValueTransformer.h */ = {isa = PBXFileReference; fileEncoding = 4; lastKnownFileType = sourcecode.c.h; path = OfflinePackNameValueTransformer.h; sourceTree = "<group>"; };
		DAE6C2EA1CC3050F00DB3429 /* OfflinePackNameValueTransformer.m */ = {isa = PBXFileReference; fileEncoding = 4; lastKnownFileType = sourcecode.c.objc; path = OfflinePackNameValueTransformer.m; sourceTree = "<group>"; };
		DAE6C2EB1CC3050F00DB3429 /* TimeIntervalTransformer.h */ = {isa = PBXFileReference; fileEncoding = 4; lastKnownFileType = sourcecode.c.h; path = TimeIntervalTransformer.h; sourceTree = "<group>"; };
		DAE6C2EC1CC3050F00DB3429 /* TimeIntervalTransformer.m */ = {isa = PBXFileReference; fileEncoding = 4; lastKnownFileType = sourcecode.c.objc; path = TimeIntervalTransformer.m; sourceTree = "<group>"; };
		DAE6C3281CC30DB200DB3429 /* Mapbox.framework */ = {isa = PBXFileReference; explicitFileType = wrapper.framework; includeInIndex = 0; path = Mapbox.framework; sourceTree = BUILT_PRODUCTS_DIR; };
		DAE6C32C1CC30DB200DB3429 /* Info.plist */ = {isa = PBXFileReference; lastKnownFileType = text.plist.xml; path = Info.plist; sourceTree = "<group>"; };
		DAE6C3311CC30DB200DB3429 /* test.xctest */ = {isa = PBXFileReference; explicitFileType = wrapper.cfbundle; includeInIndex = 0; path = test.xctest; sourceTree = BUILT_PRODUCTS_DIR; };
		DAE6C33A1CC30DB200DB3429 /* Info.plist */ = {isa = PBXFileReference; lastKnownFileType = text.plist.xml; path = Info.plist; sourceTree = "<group>"; };
		DAE6C3451CC31D1200DB3429 /* libmbgl-core.a */ = {isa = PBXFileReference; lastKnownFileType = archive.ar; path = "libmbgl-core.a"; sourceTree = BUILT_PRODUCTS_DIR; };
		DAE6C3461CC31D1200DB3429 /* libmbgl-platform-macos.a */ = {isa = PBXFileReference; lastKnownFileType = archive.ar; path = "libmbgl-platform-macos.a"; sourceTree = BUILT_PRODUCTS_DIR; };
		DAE6C34A1CC31E0400DB3429 /* MGLAccountManager.h */ = {isa = PBXFileReference; fileEncoding = 4; lastKnownFileType = sourcecode.c.h; path = MGLAccountManager.h; sourceTree = "<group>"; };
		DAE6C34B1CC31E0400DB3429 /* MGLAnnotation.h */ = {isa = PBXFileReference; fileEncoding = 4; lastKnownFileType = sourcecode.c.h; path = MGLAnnotation.h; sourceTree = "<group>"; };
		DAE6C34C1CC31E0400DB3429 /* MGLGeometry.h */ = {isa = PBXFileReference; fileEncoding = 4; lastKnownFileType = sourcecode.c.h; path = MGLGeometry.h; sourceTree = "<group>"; };
		DAE6C34D1CC31E0400DB3429 /* MGLMapCamera.h */ = {isa = PBXFileReference; fileEncoding = 4; lastKnownFileType = sourcecode.c.h; path = MGLMapCamera.h; sourceTree = "<group>"; };
		DAE6C34E1CC31E0400DB3429 /* MGLMultiPoint.h */ = {isa = PBXFileReference; fileEncoding = 4; lastKnownFileType = sourcecode.c.h; path = MGLMultiPoint.h; sourceTree = "<group>"; };
		DAE6C34F1CC31E0400DB3429 /* MGLOfflinePack.h */ = {isa = PBXFileReference; fileEncoding = 4; lastKnownFileType = sourcecode.c.h; path = MGLOfflinePack.h; sourceTree = "<group>"; };
		DAE6C3501CC31E0400DB3429 /* MGLOfflineRegion.h */ = {isa = PBXFileReference; fileEncoding = 4; lastKnownFileType = sourcecode.c.h; path = MGLOfflineRegion.h; sourceTree = "<group>"; };
		DAE6C3511CC31E0400DB3429 /* MGLOfflineStorage.h */ = {isa = PBXFileReference; fileEncoding = 4; lastKnownFileType = sourcecode.c.h; path = MGLOfflineStorage.h; sourceTree = "<group>"; };
		DAE6C3521CC31E0400DB3429 /* MGLOverlay.h */ = {isa = PBXFileReference; fileEncoding = 4; lastKnownFileType = sourcecode.c.h; path = MGLOverlay.h; sourceTree = "<group>"; };
		DAE6C3531CC31E0400DB3429 /* MGLPointAnnotation.h */ = {isa = PBXFileReference; fileEncoding = 4; lastKnownFileType = sourcecode.c.h; path = MGLPointAnnotation.h; sourceTree = "<group>"; };
		DAE6C3541CC31E0400DB3429 /* MGLPolygon.h */ = {isa = PBXFileReference; fileEncoding = 4; lastKnownFileType = sourcecode.c.h; path = MGLPolygon.h; sourceTree = "<group>"; };
		DAE6C3551CC31E0400DB3429 /* MGLPolyline.h */ = {isa = PBXFileReference; fileEncoding = 4; lastKnownFileType = sourcecode.c.h; path = MGLPolyline.h; sourceTree = "<group>"; };
		DAE6C3561CC31E0400DB3429 /* MGLShape.h */ = {isa = PBXFileReference; fileEncoding = 4; lastKnownFileType = sourcecode.c.h; path = MGLShape.h; sourceTree = "<group>"; };
		DAE6C3571CC31E0400DB3429 /* MGLStyle.h */ = {isa = PBXFileReference; fileEncoding = 4; lastKnownFileType = sourcecode.c.h; path = MGLStyle.h; sourceTree = "<group>"; };
		DAE6C3581CC31E0400DB3429 /* MGLTilePyramidOfflineRegion.h */ = {isa = PBXFileReference; fileEncoding = 4; lastKnownFileType = sourcecode.c.h; path = MGLTilePyramidOfflineRegion.h; sourceTree = "<group>"; };
		DAE6C3591CC31E0400DB3429 /* MGLTypes.h */ = {isa = PBXFileReference; fileEncoding = 4; lastKnownFileType = sourcecode.c.h; path = MGLTypes.h; sourceTree = "<group>"; };
		DAE6C36A1CC31E2A00DB3429 /* MGLAccountManager_Private.h */ = {isa = PBXFileReference; fileEncoding = 4; lastKnownFileType = sourcecode.c.h; path = MGLAccountManager_Private.h; sourceTree = "<group>"; };
		DAE6C36B1CC31E2A00DB3429 /* MGLAccountManager.m */ = {isa = PBXFileReference; fileEncoding = 4; lastKnownFileType = sourcecode.c.objc; path = MGLAccountManager.m; sourceTree = "<group>"; };
		DAE6C36C1CC31E2A00DB3429 /* MGLGeometry_Private.h */ = {isa = PBXFileReference; fileEncoding = 4; lastKnownFileType = sourcecode.c.h; path = MGLGeometry_Private.h; sourceTree = "<group>"; };
		DAE6C36D1CC31E2A00DB3429 /* MGLGeometry.mm */ = {isa = PBXFileReference; fileEncoding = 4; lastKnownFileType = sourcecode.cpp.objcpp; path = MGLGeometry.mm; sourceTree = "<group>"; };
		DAE6C36E1CC31E2A00DB3429 /* MGLMapCamera.mm */ = {isa = PBXFileReference; fileEncoding = 4; lastKnownFileType = sourcecode.cpp.objcpp; path = MGLMapCamera.mm; sourceTree = "<group>"; };
		DAE6C36F1CC31E2A00DB3429 /* MGLMultiPoint_Private.h */ = {isa = PBXFileReference; fileEncoding = 4; lastKnownFileType = sourcecode.c.h; path = MGLMultiPoint_Private.h; sourceTree = "<group>"; };
		DAE6C3701CC31E2A00DB3429 /* MGLMultiPoint.mm */ = {isa = PBXFileReference; fileEncoding = 4; lastKnownFileType = sourcecode.cpp.objcpp; path = MGLMultiPoint.mm; sourceTree = "<group>"; };
		DAE6C3711CC31E2A00DB3429 /* MGLOfflinePack_Private.h */ = {isa = PBXFileReference; fileEncoding = 4; lastKnownFileType = sourcecode.c.h; path = MGLOfflinePack_Private.h; sourceTree = "<group>"; };
		DAE6C3721CC31E2A00DB3429 /* MGLOfflinePack.mm */ = {isa = PBXFileReference; fileEncoding = 4; lastKnownFileType = sourcecode.cpp.objcpp; path = MGLOfflinePack.mm; sourceTree = "<group>"; };
		DAE6C3731CC31E2A00DB3429 /* MGLOfflineRegion_Private.h */ = {isa = PBXFileReference; fileEncoding = 4; lastKnownFileType = sourcecode.c.h; path = MGLOfflineRegion_Private.h; sourceTree = "<group>"; };
		DAE6C3741CC31E2A00DB3429 /* MGLOfflineStorage_Private.h */ = {isa = PBXFileReference; fileEncoding = 4; lastKnownFileType = sourcecode.c.h; path = MGLOfflineStorage_Private.h; sourceTree = "<group>"; };
		DAE6C3751CC31E2A00DB3429 /* MGLOfflineStorage.mm */ = {isa = PBXFileReference; fileEncoding = 4; lastKnownFileType = sourcecode.cpp.objcpp; path = MGLOfflineStorage.mm; sourceTree = "<group>"; };
		DAE6C3761CC31E2A00DB3429 /* MGLPointAnnotation.m */ = {isa = PBXFileReference; fileEncoding = 4; lastKnownFileType = sourcecode.c.objc; path = MGLPointAnnotation.m; sourceTree = "<group>"; };
		DAE6C3771CC31E2A00DB3429 /* MGLPolygon.mm */ = {isa = PBXFileReference; fileEncoding = 4; lastKnownFileType = sourcecode.cpp.objcpp; path = MGLPolygon.mm; sourceTree = "<group>"; };
		DAE6C3781CC31E2A00DB3429 /* MGLPolyline.mm */ = {isa = PBXFileReference; fileEncoding = 4; lastKnownFileType = sourcecode.cpp.objcpp; path = MGLPolyline.mm; sourceTree = "<group>"; };
		DAE6C3791CC31E2A00DB3429 /* MGLShape.m */ = {isa = PBXFileReference; fileEncoding = 4; lastKnownFileType = sourcecode.c.objc; path = MGLShape.m; sourceTree = "<group>"; };
		DAE6C37A1CC31E2A00DB3429 /* MGLStyle.mm */ = {isa = PBXFileReference; fileEncoding = 4; lastKnownFileType = sourcecode.cpp.objcpp; path = MGLStyle.mm; sourceTree = "<group>"; };
		DAE6C37B1CC31E2A00DB3429 /* MGLTilePyramidOfflineRegion.mm */ = {isa = PBXFileReference; fileEncoding = 4; lastKnownFileType = sourcecode.cpp.objcpp; path = MGLTilePyramidOfflineRegion.mm; sourceTree = "<group>"; };
		DAE6C37C1CC31E2A00DB3429 /* MGLTypes.m */ = {isa = PBXFileReference; fileEncoding = 4; lastKnownFileType = sourcecode.c.objc; path = MGLTypes.m; sourceTree = "<group>"; };
		DAE6C37D1CC31E2A00DB3429 /* NSBundle+MGLAdditions.h */ = {isa = PBXFileReference; fileEncoding = 4; lastKnownFileType = sourcecode.c.h; path = "NSBundle+MGLAdditions.h"; sourceTree = "<group>"; };
		DAE6C37E1CC31E2A00DB3429 /* NSBundle+MGLAdditions.m */ = {isa = PBXFileReference; fileEncoding = 4; lastKnownFileType = sourcecode.c.objc; path = "NSBundle+MGLAdditions.m"; sourceTree = "<group>"; };
		DAE6C37F1CC31E2A00DB3429 /* NSException+MGLAdditions.h */ = {isa = PBXFileReference; fileEncoding = 4; lastKnownFileType = sourcecode.c.h; path = "NSException+MGLAdditions.h"; sourceTree = "<group>"; };
		DAE6C3801CC31E2A00DB3429 /* NSProcessInfo+MGLAdditions.h */ = {isa = PBXFileReference; fileEncoding = 4; lastKnownFileType = sourcecode.c.h; path = "NSProcessInfo+MGLAdditions.h"; sourceTree = "<group>"; };
		DAE6C3811CC31E2A00DB3429 /* NSProcessInfo+MGLAdditions.m */ = {isa = PBXFileReference; fileEncoding = 4; lastKnownFileType = sourcecode.c.objc; path = "NSProcessInfo+MGLAdditions.m"; sourceTree = "<group>"; };
		DAE6C3821CC31E2A00DB3429 /* NSString+MGLAdditions.h */ = {isa = PBXFileReference; fileEncoding = 4; lastKnownFileType = sourcecode.c.h; path = "NSString+MGLAdditions.h"; sourceTree = "<group>"; };
		DAE6C3831CC31E2A00DB3429 /* NSString+MGLAdditions.m */ = {isa = PBXFileReference; fileEncoding = 4; lastKnownFileType = sourcecode.c.objc; path = "NSString+MGLAdditions.m"; sourceTree = "<group>"; };
		DAE6C39F1CC31E9400DB3429 /* MGLAnnotationImage.h */ = {isa = PBXFileReference; fileEncoding = 4; lastKnownFileType = sourcecode.c.h; path = MGLAnnotationImage.h; sourceTree = "<group>"; };
		DAE6C3A01CC31E9400DB3429 /* MGLMapView.h */ = {isa = PBXFileReference; fileEncoding = 4; lastKnownFileType = sourcecode.c.h; path = MGLMapView.h; sourceTree = "<group>"; };
		DAE6C3A11CC31E9400DB3429 /* MGLMapView+IBAdditions.h */ = {isa = PBXFileReference; fileEncoding = 4; lastKnownFileType = sourcecode.c.h; path = "MGLMapView+IBAdditions.h"; sourceTree = "<group>"; };
		DAE6C3A21CC31E9400DB3429 /* MGLMapViewDelegate.h */ = {isa = PBXFileReference; fileEncoding = 4; lastKnownFileType = sourcecode.c.h; path = MGLMapViewDelegate.h; sourceTree = "<group>"; };
		DAE6C3A71CC31EF300DB3429 /* MGLAnnotationImage.m */ = {isa = PBXFileReference; fileEncoding = 4; lastKnownFileType = sourcecode.c.objc; path = MGLAnnotationImage.m; sourceTree = "<group>"; };
		DAE6C3A81CC31EF300DB3429 /* MGLAttributionButton.h */ = {isa = PBXFileReference; fileEncoding = 4; lastKnownFileType = sourcecode.c.h; path = MGLAttributionButton.h; sourceTree = "<group>"; };
		DAE6C3A91CC31EF300DB3429 /* MGLAttributionButton.m */ = {isa = PBXFileReference; fileEncoding = 4; lastKnownFileType = sourcecode.c.objc; path = MGLAttributionButton.m; sourceTree = "<group>"; };
		DAE6C3AA1CC31EF300DB3429 /* MGLCompassCell.h */ = {isa = PBXFileReference; fileEncoding = 4; lastKnownFileType = sourcecode.c.h; path = MGLCompassCell.h; sourceTree = "<group>"; };
		DAE6C3AB1CC31EF300DB3429 /* MGLCompassCell.m */ = {isa = PBXFileReference; fileEncoding = 4; lastKnownFileType = sourcecode.c.objc; path = MGLCompassCell.m; sourceTree = "<group>"; };
		DAE6C3AC1CC31EF300DB3429 /* MGLMapView_Private.h */ = {isa = PBXFileReference; fileEncoding = 4; lastKnownFileType = sourcecode.c.h; path = MGLMapView_Private.h; sourceTree = "<group>"; };
		DAE6C3AD1CC31EF300DB3429 /* MGLMapView.mm */ = {isa = PBXFileReference; fileEncoding = 4; lastKnownFileType = sourcecode.cpp.objcpp; path = MGLMapView.mm; sourceTree = "<group>"; };
		DAE6C3AE1CC31EF300DB3429 /* MGLMapView+IBAdditions.m */ = {isa = PBXFileReference; fileEncoding = 4; lastKnownFileType = sourcecode.c.objc; path = "MGLMapView+IBAdditions.m"; sourceTree = "<group>"; };
		DAE6C3AF1CC31EF300DB3429 /* MGLOpenGLLayer.h */ = {isa = PBXFileReference; fileEncoding = 4; lastKnownFileType = sourcecode.c.h; path = MGLOpenGLLayer.h; sourceTree = "<group>"; };
		DAE6C3B01CC31EF300DB3429 /* MGLOpenGLLayer.mm */ = {isa = PBXFileReference; fileEncoding = 4; lastKnownFileType = sourcecode.cpp.objcpp; path = MGLOpenGLLayer.mm; sourceTree = "<group>"; };
		DAE6C3BB1CC31F2E00DB3429 /* default_marker.pdf */ = {isa = PBXFileReference; lastKnownFileType = image.pdf; path = default_marker.pdf; sourceTree = "<group>"; };
		DAE6C3BC1CC31F2E00DB3429 /* mapbox.pdf */ = {isa = PBXFileReference; lastKnownFileType = image.pdf; path = mapbox.pdf; sourceTree = "<group>"; };
		DAE6C3C11CC31F4500DB3429 /* Mapbox.h */ = {isa = PBXFileReference; fileEncoding = 4; lastKnownFileType = sourcecode.c.h; name = Mapbox.h; path = src/Mapbox.h; sourceTree = SOURCE_ROOT; };
		DAE6C3C61CC3499100DB3429 /* libsqlite3.tbd */ = {isa = PBXFileReference; lastKnownFileType = "sourcecode.text-based-dylib-definition"; name = libsqlite3.tbd; path = usr/lib/libsqlite3.tbd; sourceTree = SDKROOT; };
		DAE6C3C81CC34BD800DB3429 /* MGLGeometryTests.mm */ = {isa = PBXFileReference; fileEncoding = 4; lastKnownFileType = sourcecode.cpp.objcpp; name = MGLGeometryTests.mm; path = ../../darwin/test/MGLGeometryTests.mm; sourceTree = "<group>"; };
		DAE6C3C91CC34BD800DB3429 /* MGLOfflinePackTests.m */ = {isa = PBXFileReference; fileEncoding = 4; lastKnownFileType = sourcecode.c.objc; name = MGLOfflinePackTests.m; path = ../../darwin/test/MGLOfflinePackTests.m; sourceTree = "<group>"; };
		DAE6C3CA1CC34BD800DB3429 /* MGLOfflineRegionTests.m */ = {isa = PBXFileReference; fileEncoding = 4; lastKnownFileType = sourcecode.c.objc; name = MGLOfflineRegionTests.m; path = ../../darwin/test/MGLOfflineRegionTests.m; sourceTree = "<group>"; };
		DAE6C3CB1CC34BD800DB3429 /* MGLOfflineStorageTests.m */ = {isa = PBXFileReference; fileEncoding = 4; lastKnownFileType = sourcecode.c.objc; name = MGLOfflineStorageTests.m; path = ../../darwin/test/MGLOfflineStorageTests.m; sourceTree = "<group>"; };
		DAE6C3CC1CC34BD800DB3429 /* MGLStyleTests.mm */ = {isa = PBXFileReference; fileEncoding = 4; lastKnownFileType = sourcecode.cpp.objcpp; name = MGLStyleTests.mm; path = ../../darwin/test/MGLStyleTests.mm; sourceTree = "<group>"; };
/* End PBXFileReference section */

/* Begin PBXFrameworksBuildPhase section */
		DA839E8F1CC2E3400062CAFB /* Frameworks */ = {
			isa = PBXFrameworksBuildPhase;
			buildActionMask = 2147483647;
			files = (
				DAE6C33D1CC30DB200DB3429 /* Mapbox.framework in Frameworks */,
			);
			runOnlyForDeploymentPostprocessing = 0;
		};
		DAE6C3241CC30DB200DB3429 /* Frameworks */ = {
			isa = PBXFrameworksBuildPhase;
			buildActionMask = 2147483647;
			files = (
				52BECB0A1CC5A26F009CD791 /* SystemConfiguration.framework in Frameworks */,
				5548BE781D09E718005DDE81 /* libmbgl-core.a in Frameworks */,
				558F18221D0B13B100123F46 /* libmbgl-loop.a in Frameworks */,
				DAE6C3C71CC3499100DB3429 /* libsqlite3.tbd in Frameworks */,
				55D9B4B11D005D3900C1CCE2 /* libz.tbd in Frameworks */,
			);
			runOnlyForDeploymentPostprocessing = 0;
		};
		DAE6C32E1CC30DB200DB3429 /* Frameworks */ = {
			isa = PBXFrameworksBuildPhase;
			buildActionMask = 2147483647;
			files = (
				DAE6C3321CC30DB200DB3429 /* Mapbox.framework in Frameworks */,
				5548BE7D1D0ACCD6005DDE81 /* libmbgl-core.a in Frameworks */,
			);
			runOnlyForDeploymentPostprocessing = 0;
		};
/* End PBXFrameworksBuildPhase section */

/* Begin PBXGroup section */
		DA839E891CC2E3400062CAFB = {
			isa = PBXGroup;
			children = (
				DA839E941CC2E3400062CAFB /* Demo App */,
				DAE6C3291CC30DB200DB3429 /* SDK */,
				DAE6C3371CC30DB200DB3429 /* SDK Tests */,
				DAE6C31E1CC308BC00DB3429 /* Frameworks */,
				DAE6C3C41CC31F7800DB3429 /* Configuration */,
				DA839E931CC2E3400062CAFB /* Products */,
			);
			sourceTree = "<group>";
		};
		DA839E931CC2E3400062CAFB /* Products */ = {
			isa = PBXGroup;
			children = (
				DA839E921CC2E3400062CAFB /* Mapbox GL.app */,
				DAE6C3281CC30DB200DB3429 /* Mapbox.framework */,
				DAE6C3311CC30DB200DB3429 /* test.xctest */,
			);
			name = Products;
			sourceTree = "<group>";
		};
		DA839E941CC2E3400062CAFB /* Demo App */ = {
			isa = PBXGroup;
			children = (
				DA839E951CC2E3400062CAFB /* AppDelegate.h */,
				DA839E961CC2E3400062CAFB /* AppDelegate.m */,
				DAE6C2E31CC3050F00DB3429 /* DroppedPinAnnotation.h */,
				DAE6C2E41CC3050F00DB3429 /* DroppedPinAnnotation.m */,
				DAE6C2E51CC3050F00DB3429 /* LocationCoordinate2DTransformer.h */,
				DAE6C2E61CC3050F00DB3429 /* LocationCoordinate2DTransformer.m */,
				DA839E9B1CC2E3400062CAFB /* MapDocument.h */,
				DA839E9C1CC2E3400062CAFB /* MapDocument.m */,
				DA839E9E1CC2E3400062CAFB /* MapDocument.xib */,
				DAE6C2E91CC3050F00DB3429 /* OfflinePackNameValueTransformer.h */,
				DAE6C2EA1CC3050F00DB3429 /* OfflinePackNameValueTransformer.m */,
				DAE6C2EB1CC3050F00DB3429 /* TimeIntervalTransformer.h */,
				DAE6C2EC1CC3050F00DB3429 /* TimeIntervalTransformer.m */,
				DA839EA11CC2E3400062CAFB /* Assets.xcassets */,
				DA839EA31CC2E3400062CAFB /* MainMenu.xib */,
				DA5589761D320C41006B7F64 /* wms.json */,
				DAE6C2E11CC304F900DB3429 /* Credits.rtf */,
				DA839EA61CC2E3400062CAFB /* Info.plist */,
				DA839E981CC2E3400062CAFB /* Supporting Files */,
			);
			name = "Demo App";
			path = app;
			sourceTree = "<group>";
		};
		DA839E981CC2E3400062CAFB /* Supporting Files */ = {
			isa = PBXGroup;
			children = (
				DA839E991CC2E3400062CAFB /* main.m */,
			);
			name = "Supporting Files";
			sourceTree = "<group>";
		};
		DA8933A81CCD28D100E68420 /* Kit Resources */ = {
			isa = PBXGroup;
			children = (
				DA8933AB1CCD290700E68420 /* Localizable.strings */,
				DAE6C3BB1CC31F2E00DB3429 /* default_marker.pdf */,
				DAE6C3BC1CC31F2E00DB3429 /* mapbox.pdf */,
				DA8933A71CCD287300E68420 /* MGLAnnotationCallout.xib */,
			);
			name = "Kit Resources";
			sourceTree = "<group>";
		};
		DA8933B21CCD2C0700E68420 /* Foundation Resources */ = {
			isa = PBXGroup;
			children = (
				DA8933B31CCD2C2500E68420 /* Foundation.strings */,
				DA8933B61CCD2C2D00E68420 /* Foundation.stringsdict */,
			);
			name = "Foundation Resources";
			path = ../../darwin/resources;
			sourceTree = "<group>";
		};
		DAD1657C1CF4CE6B001FF4B9 /* Formatters */ = {
			isa = PBXGroup;
			children = (
				DA35A2BD1CCA9B1A00E826B2 /* MGLClockDirectionFormatter.h */,
				DA35A2BE1CCA9B1A00E826B2 /* MGLClockDirectionFormatter.m */,
				DA35A2AB1CCA091800E826B2 /* MGLCompassDirectionFormatter.h */,
				DA35A2AC1CCA091800E826B2 /* MGLCompassDirectionFormatter.m */,
				DA35A2A31CC9EB1A00E826B2 /* MGLCoordinateFormatter.h */,
				DA35A2A51CC9EB2700E826B2 /* MGLCoordinateFormatter.m */,
			);
			name = Formatters;
			sourceTree = "<group>";
		};
		DAD1657D1CF4CECB001FF4B9 /* Geometry */ = {
			isa = PBXGroup;
			children = (
				DAE6C34B1CC31E0400DB3429 /* MGLAnnotation.h */,
				DACC22121CF3D3E200D220D9 /* MGLFeature.h */,
				DACC22171CF3D4F700D220D9 /* MGLFeature_Private.h */,
				DACC22131CF3D3E200D220D9 /* MGLFeature.mm */,
				DAE6C34C1CC31E0400DB3429 /* MGLGeometry.h */,
				DAE6C36C1CC31E2A00DB3429 /* MGLGeometry_Private.h */,
				DAE6C36D1CC31E2A00DB3429 /* MGLGeometry.mm */,
				DAE6C34E1CC31E0400DB3429 /* MGLMultiPoint.h */,
				DAE6C36F1CC31E2A00DB3429 /* MGLMultiPoint_Private.h */,
				DAE6C3701CC31E2A00DB3429 /* MGLMultiPoint.mm */,
				DAE6C3521CC31E0400DB3429 /* MGLOverlay.h */,
				DAE6C3531CC31E0400DB3429 /* MGLPointAnnotation.h */,
				DAE6C3761CC31E2A00DB3429 /* MGLPointAnnotation.m */,
				DAE6C3541CC31E0400DB3429 /* MGLPolygon.h */,
				DAE6C3771CC31E2A00DB3429 /* MGLPolygon.mm */,
				DAE6C3551CC31E0400DB3429 /* MGLPolyline.h */,
				DAE6C3781CC31E2A00DB3429 /* MGLPolyline.mm */,
				DAE6C3561CC31E0400DB3429 /* MGLShape.h */,
				DAE6C3791CC31E2A00DB3429 /* MGLShape.m */,
				DAD165721CF4CD7A001FF4B9 /* MGLShapeCollection.h */,
				DAD165731CF4CD7A001FF4B9 /* MGLShapeCollection.m */,
			);
			name = Geometry;
			sourceTree = "<group>";
		};
		DAD1657E1CF4CF04001FF4B9 /* Offline Maps */ = {
			isa = PBXGroup;
			children = (
				DAE6C34F1CC31E0400DB3429 /* MGLOfflinePack.h */,
				DAE6C3711CC31E2A00DB3429 /* MGLOfflinePack_Private.h */,
				DAE6C3721CC31E2A00DB3429 /* MGLOfflinePack.mm */,
				DAE6C3501CC31E0400DB3429 /* MGLOfflineRegion.h */,
				DAE6C3731CC31E2A00DB3429 /* MGLOfflineRegion_Private.h */,
				DAE6C3511CC31E0400DB3429 /* MGLOfflineStorage.h */,
				DAE6C3741CC31E2A00DB3429 /* MGLOfflineStorage_Private.h */,
				DAE6C3751CC31E2A00DB3429 /* MGLOfflineStorage.mm */,
				DAE6C3581CC31E0400DB3429 /* MGLTilePyramidOfflineRegion.h */,
				DAE6C37B1CC31E2A00DB3429 /* MGLTilePyramidOfflineRegion.mm */,
			);
			name = "Offline Maps";
			sourceTree = "<group>";
		};
		DAD1657F1CF4CF50001FF4B9 /* Categories */ = {
			isa = PBXGroup;
			children = (
				DAE6C37D1CC31E2A00DB3429 /* NSBundle+MGLAdditions.h */,
				DAE6C37E1CC31E2A00DB3429 /* NSBundle+MGLAdditions.m */,
				DAE6C37F1CC31E2A00DB3429 /* NSException+MGLAdditions.h */,
				DAE6C3801CC31E2A00DB3429 /* NSProcessInfo+MGLAdditions.h */,
				DAE6C3811CC31E2A00DB3429 /* NSProcessInfo+MGLAdditions.m */,
				DAE6C3821CC31E2A00DB3429 /* NSString+MGLAdditions.h */,
				DAE6C3831CC31E2A00DB3429 /* NSString+MGLAdditions.m */,
				DA35A2CD1CCAAED300E826B2 /* NSValue+MGLAdditions.h */,
				DA35A2CE1CCAAED300E826B2 /* NSValue+MGLAdditions.m */,
			);
			name = Categories;
			sourceTree = "<group>";
		};
		DAE6C31E1CC308BC00DB3429 /* Frameworks */ = {
			isa = PBXGroup;
			children = (
				558F18211D0B13B000123F46 /* libmbgl-loop.a */,
				5548BE7B1D0ACBBD005DDE81 /* libmbgl-loop-darwin.a */,
				5548BE791D0ACBB2005DDE81 /* libmbgl-loop-darwin.a */,
				55D9B4B01D005D3900C1CCE2 /* libz.tbd */,
				52BECB091CC5A26F009CD791 /* SystemConfiguration.framework */,
				DAE6C3451CC31D1200DB3429 /* libmbgl-core.a */,
				DAE6C3461CC31D1200DB3429 /* libmbgl-platform-macos.a */,
				DAE6C3C61CC3499100DB3429 /* libsqlite3.tbd */,
			);
			name = Frameworks;
			sourceTree = "<group>";
		};
		DAE6C3291CC30DB200DB3429 /* SDK */ = {
			isa = PBXGroup;
			children = (
				DAE6C3C11CC31F4500DB3429 /* Mapbox.h */,
				DAE6C3491CC31DF500DB3429 /* Foundation */,
				DA8933B21CCD2C0700E68420 /* Foundation Resources */,
				DAE6C39E1CC31E7C00DB3429 /* Kit */,
				DA8933A81CCD28D100E68420 /* Kit Resources */,
				DAE6C32C1CC30DB200DB3429 /* Info.plist */,
			);
			name = SDK;
			path = sdk;
			sourceTree = "<group>";
		};
		DAE6C3371CC30DB200DB3429 /* SDK Tests */ = {
			isa = PBXGroup;
			children = (
				DA35A2C11CCA9F4A00E826B2 /* MGLClockDirectionFormatterTests.m */,
				DA35A2B51CCA14D700E826B2 /* MGLCompassDirectionFormatterTests.m */,
				DA35A2A71CC9F41600E826B2 /* MGLCoordinateFormatterTests.m */,
				DA0CD58D1CF56F5800A5F5A5 /* MGLFeatureTests.mm */,
				DAE6C3C81CC34BD800DB3429 /* MGLGeometryTests.mm */,
				DAE6C3C91CC34BD800DB3429 /* MGLOfflinePackTests.m */,
				DAE6C3CA1CC34BD800DB3429 /* MGLOfflineRegionTests.m */,
				DAE6C3CB1CC34BD800DB3429 /* MGLOfflineStorageTests.m */,
				DAE6C3CC1CC34BD800DB3429 /* MGLStyleTests.mm */,
				DAE6C33A1CC30DB200DB3429 /* Info.plist */,
			);
			name = "SDK Tests";
			path = test;
			sourceTree = "<group>";
		};
		DAE6C3491CC31DF500DB3429 /* Foundation */ = {
			isa = PBXGroup;
			children = (
				DAD1657F1CF4CF50001FF4B9 /* Categories */,
				DAD1657C1CF4CE6B001FF4B9 /* Formatters */,
				DAD1657D1CF4CECB001FF4B9 /* Geometry */,
				DAD1657E1CF4CF04001FF4B9 /* Offline Maps */,
				DAE6C34A1CC31E0400DB3429 /* MGLAccountManager.h */,
				DAE6C36A1CC31E2A00DB3429 /* MGLAccountManager_Private.h */,
				DAE6C36B1CC31E2A00DB3429 /* MGLAccountManager.m */,
				DAE6C34D1CC31E0400DB3429 /* MGLMapCamera.h */,
				DAE6C36E1CC31E2A00DB3429 /* MGLMapCamera.mm */,
				DAE6C3571CC31E0400DB3429 /* MGLStyle.h */,
				DAE6C37A1CC31E2A00DB3429 /* MGLStyle.mm */,
				DAE6C3591CC31E0400DB3429 /* MGLTypes.h */,
				DAE6C37C1CC31E2A00DB3429 /* MGLTypes.m */,
			);
			name = Foundation;
			path = ../darwin/src;
			sourceTree = SOURCE_ROOT;
		};
		DAE6C39E1CC31E7C00DB3429 /* Kit */ = {
			isa = PBXGroup;
			children = (
				DAE6C39F1CC31E9400DB3429 /* MGLAnnotationImage.h */,
				DAC2ABC41CC6D343006D18C4 /* MGLAnnotationImage_Private.h */,
				DAE6C3A71CC31EF300DB3429 /* MGLAnnotationImage.m */,
				DAE6C3A81CC31EF300DB3429 /* MGLAttributionButton.h */,
				DAE6C3A91CC31EF300DB3429 /* MGLAttributionButton.m */,
				DAE6C3AA1CC31EF300DB3429 /* MGLCompassCell.h */,
				DAE6C3AB1CC31EF300DB3429 /* MGLCompassCell.m */,
				DAE6C3A01CC31E9400DB3429 /* MGLMapView.h */,
				DAE6C3AC1CC31EF300DB3429 /* MGLMapView_Private.h */,
				DAE6C3AD1CC31EF300DB3429 /* MGLMapView.mm */,
				DAE6C3A11CC31E9400DB3429 /* MGLMapView+IBAdditions.h */,
				DAE6C3AE1CC31EF300DB3429 /* MGLMapView+IBAdditions.m */,
				DAE6C3A21CC31E9400DB3429 /* MGLMapViewDelegate.h */,
				DAE6C3AF1CC31EF300DB3429 /* MGLOpenGLLayer.h */,
				DAE6C3B01CC31EF300DB3429 /* MGLOpenGLLayer.mm */,
			);
			name = Kit;
			path = src;
			sourceTree = SOURCE_ROOT;
		};
		DAE6C3C41CC31F7800DB3429 /* Configuration */ = {
			isa = PBXGroup;
			children = (
				55FE0E8D1D100A0900FD240B /* config.xcconfig */,
			);
			name = Configuration;
			sourceTree = "<group>";
		};
/* End PBXGroup section */

/* Begin PBXHeadersBuildPhase section */
		DAE6C3251CC30DB200DB3429 /* Headers */ = {
			isa = PBXHeadersBuildPhase;
			buildActionMask = 2147483647;
			files = (
				DAE6C38D1CC31E2A00DB3429 /* MGLOfflineRegion_Private.h in Headers */,
				DAE6C35B1CC31E0400DB3429 /* MGLAnnotation.h in Headers */,
				DAE6C3B61CC31EF300DB3429 /* MGLMapView_Private.h in Headers */,
				DAE6C3B21CC31EF300DB3429 /* MGLAttributionButton.h in Headers */,
				DAE6C3A31CC31E9400DB3429 /* MGLAnnotationImage.h in Headers */,
				DAE6C3A41CC31E9400DB3429 /* MGLMapView.h in Headers */,
				DAE6C3611CC31E0400DB3429 /* MGLOfflineStorage.h in Headers */,
				DAE6C35E1CC31E0400DB3429 /* MGLMultiPoint.h in Headers */,
				DAE6C3971CC31E2A00DB3429 /* NSBundle+MGLAdditions.h in Headers */,
				DAD165741CF4CD7A001FF4B9 /* MGLShapeCollection.h in Headers */,
				DAE6C3631CC31E0400DB3429 /* MGLPointAnnotation.h in Headers */,
				DAC2ABC51CC6D343006D18C4 /* MGLAnnotationImage_Private.h in Headers */,
				DAE6C35F1CC31E0400DB3429 /* MGLOfflinePack.h in Headers */,
				DAE6C39C1CC31E2A00DB3429 /* NSString+MGLAdditions.h in Headers */,
				DAE6C3861CC31E2A00DB3429 /* MGLGeometry_Private.h in Headers */,
				DAE6C3841CC31E2A00DB3429 /* MGLAccountManager_Private.h in Headers */,
				DAE6C3691CC31E0400DB3429 /* MGLTypes.h in Headers */,
				DAE6C3991CC31E2A00DB3429 /* NSException+MGLAdditions.h in Headers */,
				DAE6C3661CC31E0400DB3429 /* MGLShape.h in Headers */,
				DAE6C3C21CC31F4500DB3429 /* Mapbox.h in Headers */,
				DAE6C3641CC31E0400DB3429 /* MGLPolygon.h in Headers */,
				DA35A2BF1CCA9B1A00E826B2 /* MGLClockDirectionFormatter.h in Headers */,
				DA35A2A41CC9EB1A00E826B2 /* MGLCoordinateFormatter.h in Headers */,
				DAE6C3621CC31E0400DB3429 /* MGLOverlay.h in Headers */,
				DAE6C3651CC31E0400DB3429 /* MGLPolyline.h in Headers */,
				DAE6C39A1CC31E2A00DB3429 /* NSProcessInfo+MGLAdditions.h in Headers */,
				DAE6C38E1CC31E2A00DB3429 /* MGLOfflineStorage_Private.h in Headers */,
				DAE6C3601CC31E0400DB3429 /* MGLOfflineRegion.h in Headers */,
				DAE6C3681CC31E0400DB3429 /* MGLTilePyramidOfflineRegion.h in Headers */,
				DA35A2CF1CCAAED300E826B2 /* NSValue+MGLAdditions.h in Headers */,
				DAE6C3A61CC31E9400DB3429 /* MGLMapViewDelegate.h in Headers */,
				DAE6C38B1CC31E2A00DB3429 /* MGLOfflinePack_Private.h in Headers */,
				DACC22141CF3D3E200D220D9 /* MGLFeature.h in Headers */,
				DAE6C35C1CC31E0400DB3429 /* MGLGeometry.h in Headers */,
				DAE6C35A1CC31E0400DB3429 /* MGLAccountManager.h in Headers */,
				DAE6C35D1CC31E0400DB3429 /* MGLMapCamera.h in Headers */,
				DAE6C3B41CC31EF300DB3429 /* MGLCompassCell.h in Headers */,
				DAE6C3B91CC31EF300DB3429 /* MGLOpenGLLayer.h in Headers */,
				DAE6C3891CC31E2A00DB3429 /* MGLMultiPoint_Private.h in Headers */,
				DAE6C3A51CC31E9400DB3429 /* MGLMapView+IBAdditions.h in Headers */,
				DA35A2AD1CCA091800E826B2 /* MGLCompassDirectionFormatter.h in Headers */,
				DACC22181CF3D4F700D220D9 /* MGLFeature_Private.h in Headers */,
				DAE6C3671CC31E0400DB3429 /* MGLStyle.h in Headers */,
			);
			runOnlyForDeploymentPostprocessing = 0;
		};
/* End PBXHeadersBuildPhase section */

/* Begin PBXLegacyTarget section */
		DAAA17961CE13BAE00731EFE /* docs */ = {
			isa = PBXLegacyTarget;
			buildArgumentsString = "xdocument OUTPUT=build/macos/pkg/documentation";
			buildConfigurationList = DAAA17991CE13BAE00731EFE /* Build configuration list for PBXLegacyTarget "docs" */;
			buildPhases = (
			);
			buildToolPath = /usr/bin/make;
			buildWorkingDirectory = ../../;
			dependencies = (
			);
			name = docs;
			passBuildSettingsInEnvironment = 1;
			productName = docs;
		};
/* End PBXLegacyTarget section */

/* Begin PBXNativeTarget section */
		DA839E911CC2E3400062CAFB /* macosapp */ = {
			isa = PBXNativeTarget;
			buildConfigurationList = DA839EA91CC2E3400062CAFB /* Build configuration list for PBXNativeTarget "macosapp" */;
			buildPhases = (
				DA839E8E1CC2E3400062CAFB /* Sources */,
				DA839E8F1CC2E3400062CAFB /* Frameworks */,
				DA839E901CC2E3400062CAFB /* Resources */,
				DAE6C3221CC30B3C00DB3429 /* Embed Frameworks */,
			);
			buildRules = (
			);
			dependencies = (
				DAE6C33C1CC30DB200DB3429 /* PBXTargetDependency */,
			);
			name = macosapp;
			productName = macosapp;
			productReference = DA839E921CC2E3400062CAFB /* Mapbox GL.app */;
			productType = "com.apple.product-type.application";
		};
		DAE6C3271CC30DB200DB3429 /* dynamic */ = {
			isa = PBXNativeTarget;
			buildConfigurationList = DAE6C3431CC30DB200DB3429 /* Build configuration list for PBXNativeTarget "dynamic" */;
			buildPhases = (
				DAE6C3231CC30DB200DB3429 /* Sources */,
				DAE6C3241CC30DB200DB3429 /* Frameworks */,
				DAE6C3251CC30DB200DB3429 /* Headers */,
				DAE6C3261CC30DB200DB3429 /* Resources */,
			);
			buildRules = (
			);
			dependencies = (
			);
			name = dynamic;
			productName = dynamic;
			productReference = DAE6C3281CC30DB200DB3429 /* Mapbox.framework */;
			productType = "com.apple.product-type.framework";
		};
		DAE6C3301CC30DB200DB3429 /* test */ = {
			isa = PBXNativeTarget;
			buildConfigurationList = DAE6C3441CC30DB200DB3429 /* Build configuration list for PBXNativeTarget "test" */;
			buildPhases = (
				DAE6C32D1CC30DB200DB3429 /* Sources */,
				DAE6C32E1CC30DB200DB3429 /* Frameworks */,
				DAE6C32F1CC30DB200DB3429 /* Resources */,
			);
			buildRules = (
			);
			dependencies = (
				DAE6C3341CC30DB200DB3429 /* PBXTargetDependency */,
			);
			name = test;
			productName = dynamicTests;
			productReference = DAE6C3311CC30DB200DB3429 /* test.xctest */;
			productType = "com.apple.product-type.bundle.unit-test";
		};
/* End PBXNativeTarget section */

/* Begin PBXProject section */
		DA839E8A1CC2E3400062CAFB /* Project object */ = {
			isa = PBXProject;
			attributes = {
				CLASSPREFIX = MBX;
				LastUpgradeCheck = 0730;
				ORGANIZATIONNAME = Mapbox;
				TargetAttributes = {
					DA839E911CC2E3400062CAFB = {
						CreatedOnToolsVersion = 7.3;
					};
					DAAA17961CE13BAE00731EFE = {
						CreatedOnToolsVersion = 7.3.1;
					};
					DAE6C3271CC30DB200DB3429 = {
						CreatedOnToolsVersion = 7.3;
					};
					DAE6C3301CC30DB200DB3429 = {
						CreatedOnToolsVersion = 7.3;
					};
				};
			};
			buildConfigurationList = DA839E8D1CC2E3400062CAFB /* Build configuration list for PBXProject "macos" */;
			compatibilityVersion = "Xcode 3.2";
			developmentRegion = English;
			hasScannedForEncodings = 0;
			knownRegions = (
				en,
				Base,
			);
			mainGroup = DA839E891CC2E3400062CAFB;
			productRefGroup = DA839E931CC2E3400062CAFB /* Products */;
			projectDirPath = "";
			projectRoot = "";
			targets = (
				DA839E911CC2E3400062CAFB /* macosapp */,
				DAE6C3271CC30DB200DB3429 /* dynamic */,
				DAE6C3301CC30DB200DB3429 /* test */,
				DAAA17961CE13BAE00731EFE /* docs */,
			);
		};
/* End PBXProject section */

/* Begin PBXResourcesBuildPhase section */
		DA839E901CC2E3400062CAFB /* Resources */ = {
			isa = PBXResourcesBuildPhase;
			buildActionMask = 2147483647;
			files = (
				DA839EA21CC2E3400062CAFB /* Assets.xcassets in Resources */,
				DA839EA01CC2E3400062CAFB /* MapDocument.xib in Resources */,
				DA839EA51CC2E3400062CAFB /* MainMenu.xib in Resources */,
				DA5589771D320C41006B7F64 /* wms.json in Resources */,
				DAE6C2E21CC304F900DB3429 /* Credits.rtf in Resources */,
			);
			runOnlyForDeploymentPostprocessing = 0;
		};
		DAE6C3261CC30DB200DB3429 /* Resources */ = {
			isa = PBXResourcesBuildPhase;
			buildActionMask = 2147483647;
			files = (
				DA8933AE1CCD290700E68420 /* Localizable.strings in Resources */,
				DAE6C3BE1CC31F2E00DB3429 /* default_marker.pdf in Resources */,
				DAE6C3BF1CC31F2E00DB3429 /* mapbox.pdf in Resources */,
				DA8933A51CCD287300E68420 /* MGLAnnotationCallout.xib in Resources */,
				DA8933B51CCD2C2500E68420 /* Foundation.strings in Resources */,
				DA8933B81CCD2C2D00E68420 /* Foundation.stringsdict in Resources */,
			);
			runOnlyForDeploymentPostprocessing = 0;
		};
		DAE6C32F1CC30DB200DB3429 /* Resources */ = {
			isa = PBXResourcesBuildPhase;
			buildActionMask = 2147483647;
			files = (
			);
			runOnlyForDeploymentPostprocessing = 0;
		};
/* End PBXResourcesBuildPhase section */

/* Begin PBXSourcesBuildPhase section */
		DA839E8E1CC2E3400062CAFB /* Sources */ = {
			isa = PBXSourcesBuildPhase;
			buildActionMask = 2147483647;
			files = (
				DA839E9D1CC2E3400062CAFB /* MapDocument.m in Sources */,
				DAE6C2ED1CC3050F00DB3429 /* DroppedPinAnnotation.m in Sources */,
				DAE6C2EE1CC3050F00DB3429 /* LocationCoordinate2DTransformer.m in Sources */,
				DAE6C2F11CC3050F00DB3429 /* TimeIntervalTransformer.m in Sources */,
				DA839E9A1CC2E3400062CAFB /* main.m in Sources */,
				DA839E971CC2E3400062CAFB /* AppDelegate.m in Sources */,
				DAE6C2F01CC3050F00DB3429 /* OfflinePackNameValueTransformer.m in Sources */,
			);
			runOnlyForDeploymentPostprocessing = 0;
		};
		DAE6C3231CC30DB200DB3429 /* Sources */ = {
			isa = PBXSourcesBuildPhase;
			buildActionMask = 2147483647;
			files = (
				DAE6C3901CC31E2A00DB3429 /* MGLPointAnnotation.m in Sources */,
				DAE6C3981CC31E2A00DB3429 /* NSBundle+MGLAdditions.m in Sources */,
				DAE6C3B71CC31EF300DB3429 /* MGLMapView.mm in Sources */,
				DAE6C38C1CC31E2A00DB3429 /* MGLOfflinePack.mm in Sources */,
				DAE6C3B11CC31EF300DB3429 /* MGLAnnotationImage.m in Sources */,
				DACC22151CF3D3E200D220D9 /* MGLFeature.mm in Sources */,
				DAE6C3B31CC31EF300DB3429 /* MGLAttributionButton.m in Sources */,
				DAE6C3931CC31E2A00DB3429 /* MGLShape.m in Sources */,
				DAE6C39D1CC31E2A00DB3429 /* NSString+MGLAdditions.m in Sources */,
				DAE6C3941CC31E2A00DB3429 /* MGLStyle.mm in Sources */,
				DAE6C3871CC31E2A00DB3429 /* MGLGeometry.mm in Sources */,
				DAE6C3B81CC31EF300DB3429 /* MGLMapView+IBAdditions.m in Sources */,
				DA35A2D01CCAAED300E826B2 /* NSValue+MGLAdditions.m in Sources */,
				DA35A2C01CCA9B1A00E826B2 /* MGLClockDirectionFormatter.m in Sources */,
				DAE6C3BA1CC31EF300DB3429 /* MGLOpenGLLayer.mm in Sources */,
				DAE6C38A1CC31E2A00DB3429 /* MGLMultiPoint.mm in Sources */,
				DAE6C3961CC31E2A00DB3429 /* MGLTypes.m in Sources */,
				DA35A2A61CC9EB2700E826B2 /* MGLCoordinateFormatter.m in Sources */,
				DAE6C3881CC31E2A00DB3429 /* MGLMapCamera.mm in Sources */,
				DAE6C3911CC31E2A00DB3429 /* MGLPolygon.mm in Sources */,
				DAE6C39B1CC31E2A00DB3429 /* NSProcessInfo+MGLAdditions.m in Sources */,
				DAE6C38F1CC31E2A00DB3429 /* MGLOfflineStorage.mm in Sources */,
				DAE6C3951CC31E2A00DB3429 /* MGLTilePyramidOfflineRegion.mm in Sources */,
				DAE6C3851CC31E2A00DB3429 /* MGLAccountManager.m in Sources */,
				DAE6C3921CC31E2A00DB3429 /* MGLPolyline.mm in Sources */,
				DAE6C3B51CC31EF300DB3429 /* MGLCompassCell.m in Sources */,
				DAD165751CF4CD7A001FF4B9 /* MGLShapeCollection.m in Sources */,
				DA35A2AE1CCA091800E826B2 /* MGLCompassDirectionFormatter.m in Sources */,
			);
			runOnlyForDeploymentPostprocessing = 0;
		};
		DAE6C32D1CC30DB200DB3429 /* Sources */ = {
			isa = PBXSourcesBuildPhase;
			buildActionMask = 2147483647;
			files = (
				DA35A2C21CCA9F4A00E826B2 /* MGLClockDirectionFormatterTests.m in Sources */,
				DAE6C3D41CC34C9900DB3429 /* MGLOfflineRegionTests.m in Sources */,
				DAE6C3D61CC34C9900DB3429 /* MGLStyleTests.mm in Sources */,
				DA35A2B61CCA14D700E826B2 /* MGLCompassDirectionFormatterTests.m in Sources */,
				DAE6C3D21CC34C9900DB3429 /* MGLGeometryTests.mm in Sources */,
				DAE6C3D51CC34C9900DB3429 /* MGLOfflineStorageTests.m in Sources */,
				DAE6C3D31CC34C9900DB3429 /* MGLOfflinePackTests.m in Sources */,
				DA35A2A81CC9F41600E826B2 /* MGLCoordinateFormatterTests.m in Sources */,
				DA0CD58E1CF56F5800A5F5A5 /* MGLFeatureTests.mm in Sources */,
			);
			runOnlyForDeploymentPostprocessing = 0;
		};
/* End PBXSourcesBuildPhase section */

/* Begin PBXTargetDependency section */
		DAE6C3341CC30DB200DB3429 /* PBXTargetDependency */ = {
			isa = PBXTargetDependency;
			target = DAE6C3271CC30DB200DB3429 /* dynamic */;
			targetProxy = DAE6C3331CC30DB200DB3429 /* PBXContainerItemProxy */;
		};
		DAE6C33C1CC30DB200DB3429 /* PBXTargetDependency */ = {
			isa = PBXTargetDependency;
			target = DAE6C3271CC30DB200DB3429 /* dynamic */;
			targetProxy = DAE6C33B1CC30DB200DB3429 /* PBXContainerItemProxy */;
		};
/* End PBXTargetDependency section */

/* Begin PBXVariantGroup section */
		DA839E9E1CC2E3400062CAFB /* MapDocument.xib */ = {
			isa = PBXVariantGroup;
			children = (
				DA839E9F1CC2E3400062CAFB /* Base */,
			);
			name = MapDocument.xib;
			sourceTree = "<group>";
		};
		DA839EA31CC2E3400062CAFB /* MainMenu.xib */ = {
			isa = PBXVariantGroup;
			children = (
				DA839EA41CC2E3400062CAFB /* Base */,
			);
			name = MainMenu.xib;
			sourceTree = "<group>";
		};
		DA8933A71CCD287300E68420 /* MGLAnnotationCallout.xib */ = {
			isa = PBXVariantGroup;
			children = (
				DA8933A61CCD287300E68420 /* Base */,
			);
			name = MGLAnnotationCallout.xib;
			sourceTree = "<group>";
		};
		DA8933AB1CCD290700E68420 /* Localizable.strings */ = {
			isa = PBXVariantGroup;
			children = (
				DA8933AC1CCD290700E68420 /* Base */,
			);
			name = Localizable.strings;
			sourceTree = "<group>";
		};
		DA8933B31CCD2C2500E68420 /* Foundation.strings */ = {
			isa = PBXVariantGroup;
			children = (
				DA8933B41CCD2C2500E68420 /* Base */,
			);
			name = Foundation.strings;
			sourceTree = "<group>";
		};
		DA8933B61CCD2C2D00E68420 /* Foundation.stringsdict */ = {
			isa = PBXVariantGroup;
			children = (
				DA8933B71CCD2C2D00E68420 /* en */,
			);
			name = Foundation.stringsdict;
			sourceTree = "<group>";
		};
/* End PBXVariantGroup section */

/* Begin XCBuildConfiguration section */
		DA839EA71CC2E3400062CAFB /* Debug */ = {
			isa = XCBuildConfiguration;
			buildSettings = {
				ALWAYS_SEARCH_USER_PATHS = NO;
				CLANG_ANALYZER_NONNULL = YES;
				CLANG_CXX_LANGUAGE_STANDARD = "gnu++14";
				CLANG_CXX_LIBRARY = "libc++";
				CLANG_ENABLE_MODULES = YES;
				CLANG_ENABLE_OBJC_ARC = YES;
				CLANG_WARN_BOOL_CONVERSION = YES;
				CLANG_WARN_CONSTANT_CONVERSION = YES;
				CLANG_WARN_DIRECT_OBJC_ISA_USAGE = YES_ERROR;
				CLANG_WARN_EMPTY_BODY = YES;
				CLANG_WARN_ENUM_CONVERSION = YES;
				CLANG_WARN_INT_CONVERSION = YES;
				CLANG_WARN_OBJC_ROOT_CLASS = YES_ERROR;
				CLANG_WARN_UNREACHABLE_CODE = YES;
				CLANG_WARN__DUPLICATE_METHOD_MATCH = YES;
				CODE_SIGN_IDENTITY = "-";
				COPY_PHASE_STRIP = NO;
				DEBUG_INFORMATION_FORMAT = dwarf;
				ENABLE_STRICT_OBJC_MSGSEND = YES;
				ENABLE_TESTABILITY = YES;
				GCC_C_LANGUAGE_STANDARD = gnu99;
				GCC_DYNAMIC_NO_PIC = NO;
				GCC_NO_COMMON_BLOCKS = YES;
				GCC_OPTIMIZATION_LEVEL = 0;
				GCC_PREPROCESSOR_DEFINITIONS = (
					"DEBUG=1",
					"$(inherited)",
				);
				GCC_WARN_64_TO_32_BIT_CONVERSION = YES;
				GCC_WARN_ABOUT_RETURN_TYPE = YES_ERROR;
				GCC_WARN_UNDECLARED_SELECTOR = YES;
				GCC_WARN_UNINITIALIZED_AUTOS = YES_AGGRESSIVE;
				GCC_WARN_UNUSED_FUNCTION = YES;
				GCC_WARN_UNUSED_VARIABLE = YES;
				MACOSX_DEPLOYMENT_TARGET = 10.10;
				MTL_ENABLE_DEBUG_INFO = YES;
				ONLY_ACTIVE_ARCH = YES;
				SYMROOT = "$(PROJECT_DIR)/cmake";
			};
			name = Debug;
		};
		DA839EA81CC2E3400062CAFB /* Release */ = {
			isa = XCBuildConfiguration;
			buildSettings = {
				ALWAYS_SEARCH_USER_PATHS = NO;
				CLANG_ANALYZER_NONNULL = YES;
				CLANG_CXX_LANGUAGE_STANDARD = "gnu++14";
				CLANG_CXX_LIBRARY = "libc++";
				CLANG_ENABLE_MODULES = YES;
				CLANG_ENABLE_OBJC_ARC = YES;
				CLANG_WARN_BOOL_CONVERSION = YES;
				CLANG_WARN_CONSTANT_CONVERSION = YES;
				CLANG_WARN_DIRECT_OBJC_ISA_USAGE = YES_ERROR;
				CLANG_WARN_EMPTY_BODY = YES;
				CLANG_WARN_ENUM_CONVERSION = YES;
				CLANG_WARN_INT_CONVERSION = YES;
				CLANG_WARN_OBJC_ROOT_CLASS = YES_ERROR;
				CLANG_WARN_UNREACHABLE_CODE = YES;
				CLANG_WARN__DUPLICATE_METHOD_MATCH = YES;
				CODE_SIGN_IDENTITY = "-";
				COPY_PHASE_STRIP = NO;
				DEBUG_INFORMATION_FORMAT = "dwarf-with-dsym";
				ENABLE_NS_ASSERTIONS = NO;
				ENABLE_STRICT_OBJC_MSGSEND = YES;
				GCC_C_LANGUAGE_STANDARD = gnu99;
				GCC_NO_COMMON_BLOCKS = YES;
				GCC_WARN_64_TO_32_BIT_CONVERSION = YES;
				GCC_WARN_ABOUT_RETURN_TYPE = YES_ERROR;
				GCC_WARN_UNDECLARED_SELECTOR = YES;
				GCC_WARN_UNINITIALIZED_AUTOS = YES_AGGRESSIVE;
				GCC_WARN_UNUSED_FUNCTION = YES;
				GCC_WARN_UNUSED_VARIABLE = YES;
				MACOSX_DEPLOYMENT_TARGET = 10.10;
				MTL_ENABLE_DEBUG_INFO = NO;
				SYMROOT = "$(PROJECT_DIR)/cmake";
			};
			name = Release;
		};
		DA839EAA1CC2E3400062CAFB /* Debug */ = {
			isa = XCBuildConfiguration;
			buildSettings = {
				ASSETCATALOG_COMPILER_APPICON_NAME = AppIcon;
				COMBINE_HIDPI_IMAGES = YES;
				INFOPLIST_FILE = "$(SRCROOT)/app/Info.plist";
				LD_RUNPATH_SEARCH_PATHS = "$(inherited) @executable_path/../Frameworks";
				PRODUCT_BUNDLE_IDENTIFIER = com.mapbox.MapboxGL;
				PRODUCT_NAME = "Mapbox GL";
			};
			name = Debug;
		};
		DA839EAB1CC2E3400062CAFB /* Release */ = {
			isa = XCBuildConfiguration;
			buildSettings = {
				ASSETCATALOG_COMPILER_APPICON_NAME = AppIcon;
				COMBINE_HIDPI_IMAGES = YES;
				INFOPLIST_FILE = "$(SRCROOT)/app/Info.plist";
				LD_RUNPATH_SEARCH_PATHS = "$(inherited) @executable_path/../Frameworks";
				PRODUCT_BUNDLE_IDENTIFIER = com.mapbox.MapboxGL;
				PRODUCT_NAME = "Mapbox GL";
			};
			name = Release;
		};
		DAAA17971CE13BAE00731EFE /* Debug */ = {
			isa = XCBuildConfiguration;
			buildSettings = {
				CLANG_CXX_LANGUAGE_STANDARD = "gnu++0x";
				DEBUGGING_SYMBOLS = YES;
				DEBUG_INFORMATION_FORMAT = dwarf;
				GCC_GENERATE_DEBUGGING_SYMBOLS = YES;
				GCC_OPTIMIZATION_LEVEL = 0;
				OTHER_CFLAGS = "";
				OTHER_LDFLAGS = "";
				PRODUCT_NAME = "$(TARGET_NAME)";
			};
			name = Debug;
		};
		DAAA17981CE13BAE00731EFE /* Release */ = {
			isa = XCBuildConfiguration;
			buildSettings = {
				CLANG_CXX_LANGUAGE_STANDARD = "gnu++0x";
				DEBUG_INFORMATION_FORMAT = "dwarf-with-dsym";
				OTHER_CFLAGS = "";
				OTHER_LDFLAGS = "";
				PRODUCT_NAME = "$(TARGET_NAME)";
			};
			name = Release;
		};
		DAE6C33F1CC30DB200DB3429 /* Debug */ = {
			isa = XCBuildConfiguration;
			baseConfigurationReference = 55FE0E8D1D100A0900FD240B /* config.xcconfig */;
			buildSettings = {
				COMBINE_HIDPI_IMAGES = YES;
				CURRENT_PROJECT_VERSION = 1;
				DEFINES_MODULE = YES;
				DYLIB_COMPATIBILITY_VERSION = 1;
				DYLIB_CURRENT_VERSION = 1;
				DYLIB_INSTALL_NAME_BASE = "@rpath";
				FRAMEWORK_VERSION = A;
				HEADER_SEARCH_PATHS = (
					"$(mbgl_core_INCLUDE_DIRECTORIES)",
					"$(mbgl_loop_INCLUDE_DIRECTORIES)",
				);
				INFOPLIST_FILE = "$(SRCROOT)/sdk/Info.plist";
				INSTALL_PATH = "$(LOCAL_LIBRARY_DIR)/Frameworks";
				LD_RUNPATH_SEARCH_PATHS = "$(inherited) @executable_path/../Frameworks @loader_path/Frameworks";
				OTHER_LDFLAGS = (
					"$(mbgl_core_LINK_LIBRARIES)",
					"$(mbgl_loop_LINK_LIBRARIES)",
				);
				PRODUCT_BUNDLE_IDENTIFIER = com.mapbox.MapboxGL;
				PRODUCT_NAME = Mapbox;
				SKIP_INSTALL = YES;
				VERSIONING_SYSTEM = "apple-generic";
				VERSION_INFO_PREFIX = "";
			};
			name = Debug;
		};
		DAE6C3401CC30DB200DB3429 /* Release */ = {
			isa = XCBuildConfiguration;
			baseConfigurationReference = 55FE0E8D1D100A0900FD240B /* config.xcconfig */;
			buildSettings = {
				COMBINE_HIDPI_IMAGES = YES;
				CURRENT_PROJECT_VERSION = 1;
				DEFINES_MODULE = YES;
				DYLIB_COMPATIBILITY_VERSION = 1;
				DYLIB_CURRENT_VERSION = 1;
				DYLIB_INSTALL_NAME_BASE = "@rpath";
				FRAMEWORK_VERSION = A;
				HEADER_SEARCH_PATHS = (
					"$(mbgl_core_INCLUDE_DIRECTORIES)",
					"$(mbgl_loop_INCLUDE_DIRECTORIES)",
				);
				INFOPLIST_FILE = "$(SRCROOT)/sdk/Info.plist";
				INSTALL_PATH = "$(LOCAL_LIBRARY_DIR)/Frameworks";
				LD_RUNPATH_SEARCH_PATHS = "$(inherited) @executable_path/../Frameworks @loader_path/Frameworks";
				OTHER_LDFLAGS = (
					"$(mbgl_core_LINK_LIBRARIES)",
					"$(mbgl_loop_LINK_LIBRARIES)",
				);
				PRODUCT_BUNDLE_IDENTIFIER = com.mapbox.MapboxGL;
				PRODUCT_NAME = Mapbox;
				SKIP_INSTALL = YES;
				VERSIONING_SYSTEM = "apple-generic";
				VERSION_INFO_PREFIX = "";
			};
			name = Release;
		};
		DAE6C3411CC30DB200DB3429 /* Debug */ = {
			isa = XCBuildConfiguration;
			baseConfigurationReference = 55FE0E8D1D100A0900FD240B /* config.xcconfig */;
			buildSettings = {
				COMBINE_HIDPI_IMAGES = YES;
				HEADER_SEARCH_PATHS = "$(mbgl_core_INCLUDE_DIRECTORIES)";
				INFOPLIST_FILE = test/Info.plist;
				LD_RUNPATH_SEARCH_PATHS = "$(inherited) @executable_path/../Frameworks @loader_path/../Frameworks";
				OTHER_CPLUSPLUSFLAGS = (
					"$(OTHER_CFLAGS)",
					"$(variant_cflags)",
					"$(geometry_cflags)",
					"$(geojson_cflags)",
				);
				PRODUCT_BUNDLE_IDENTIFIER = com.mapbox.test;
				PRODUCT_NAME = "$(TARGET_NAME)";
			};
			name = Debug;
		};
		DAE6C3421CC30DB200DB3429 /* Release */ = {
			isa = XCBuildConfiguration;
			baseConfigurationReference = 55FE0E8D1D100A0900FD240B /* config.xcconfig */;
			buildSettings = {
				COMBINE_HIDPI_IMAGES = YES;
				HEADER_SEARCH_PATHS = "$(mbgl_core_INCLUDE_DIRECTORIES)";
				INFOPLIST_FILE = test/Info.plist;
				LD_RUNPATH_SEARCH_PATHS = "$(inherited) @executable_path/../Frameworks @loader_path/../Frameworks";
				OTHER_CPLUSPLUSFLAGS = (
					"$(OTHER_CFLAGS)",
					"$(variant_cflags)",
					"$(geometry_cflags)",
					"$(geojson_cflags)",
				);
				PRODUCT_BUNDLE_IDENTIFIER = com.mapbox.test;
				PRODUCT_NAME = "$(TARGET_NAME)";
			};
			name = Release;
		};
/* End XCBuildConfiguration section */

/* Begin XCConfigurationList section */
		DA839E8D1CC2E3400062CAFB /* Build configuration list for PBXProject "macos" */ = {
			isa = XCConfigurationList;
			buildConfigurations = (
				DA839EA71CC2E3400062CAFB /* Debug */,
				DA839EA81CC2E3400062CAFB /* Release */,
			);
			defaultConfigurationIsVisible = 0;
			defaultConfigurationName = Release;
		};
		DA839EA91CC2E3400062CAFB /* Build configuration list for PBXNativeTarget "macosapp" */ = {
			isa = XCConfigurationList;
			buildConfigurations = (
				DA839EAA1CC2E3400062CAFB /* Debug */,
				DA839EAB1CC2E3400062CAFB /* Release */,
			);
			defaultConfigurationIsVisible = 0;
			defaultConfigurationName = Release;
		};
		DAAA17991CE13BAE00731EFE /* Build configuration list for PBXLegacyTarget "docs" */ = {
			isa = XCConfigurationList;
			buildConfigurations = (
				DAAA17971CE13BAE00731EFE /* Debug */,
				DAAA17981CE13BAE00731EFE /* Release */,
			);
			defaultConfigurationIsVisible = 0;
			defaultConfigurationName = Release;
		};
		DAE6C3431CC30DB200DB3429 /* Build configuration list for PBXNativeTarget "dynamic" */ = {
			isa = XCConfigurationList;
			buildConfigurations = (
				DAE6C33F1CC30DB200DB3429 /* Debug */,
				DAE6C3401CC30DB200DB3429 /* Release */,
			);
			defaultConfigurationIsVisible = 0;
			defaultConfigurationName = Release;
		};
		DAE6C3441CC30DB200DB3429 /* Build configuration list for PBXNativeTarget "test" */ = {
			isa = XCConfigurationList;
			buildConfigurations = (
				DAE6C3411CC30DB200DB3429 /* Debug */,
				DAE6C3421CC30DB200DB3429 /* Release */,
			);
			defaultConfigurationIsVisible = 0;
			defaultConfigurationName = Release;
		};
/* End XCConfigurationList section */
	};
	rootObject = DA839E8A1CC2E3400062CAFB /* Project object */;
}
