// !$*UTF8*$!
{
	archiveVersion = 1;
	classes = {
	};
	objectVersion = 46;
	objects = {

/* Begin PBXBuildFile section */
		96567A231B0E84CD00D78776 /* LaunchScreen.xib in Resources */ = {isa = PBXBuildFile; fileRef = 96567A221B0E84CD00D78776 /* LaunchScreen.xib */; };
		96567A311B0E8BB900D78776 /* Images.xcassets in Resources */ = {isa = PBXBuildFile; fileRef = 96567A301B0E8BB900D78776 /* Images.xcassets */; };
		DA180EF21DD1A4DF000A211D /* OHHTTPStubs.framework in Frameworks */ = {isa = PBXBuildFile; fileRef = DA180EF11DD1A4DF000A211D /* OHHTTPStubs.framework */; };
		DA482C801C12582600772FE3 /* Mapbox.framework in Frameworks */ = {isa = PBXBuildFile; fileRef = DA482C7F1C12582600772FE3 /* Mapbox.framework */; };
		DA482C811C12582600772FE3 /* Mapbox.framework in Embed Frameworks */ = {isa = PBXBuildFile; fileRef = DA482C7F1C12582600772FE3 /* Mapbox.framework */; settings = {ATTRIBUTES = (CodeSignOnCopy, RemoveHeadersOnCopy, ); }; };
		DA9C551D1CD9DFCD000A15C6 /* libKIF.a in Frameworks */ = {isa = PBXBuildFile; fileRef = DA9C551B1CD9DFA7000A15C6 /* libKIF.a */; };
		DD043363196DBBD500E6F39D /* MGLTAppDelegate.m in Sources */ = {isa = PBXBuildFile; fileRef = DD04335F196DBBD500E6F39D /* MGLTAppDelegate.m */; };
		DD043364196DBBD500E6F39D /* MGLTViewController.m in Sources */ = {isa = PBXBuildFile; fileRef = DD043360196DBBD500E6F39D /* MGLTViewController.m */; };
		DD043366196DBBE000E6F39D /* main.m in Sources */ = {isa = PBXBuildFile; fileRef = DD043365196DBBE000E6F39D /* main.m */; };
		DD0580E81ACB628200B112C9 /* IOKit.framework in Frameworks */ = {isa = PBXBuildFile; fileRef = DD0580E71ACB628200B112C9 /* IOKit.framework */; };
		DD0E6F841B0190E200DC035A /* libOCMock.a in Frameworks */ = {isa = PBXBuildFile; fileRef = DD0E6F701B0190E200DC035A /* libOCMock.a */; };
		DDBD016C196DC4740033959E /* MapViewTests.m in Sources */ = {isa = PBXBuildFile; fileRef = DDBD0168196DC4740033959E /* MapViewTests.m */; };
		DDBD016D196DC4740033959E /* KIFTestActor+MapboxGL.m in Sources */ = {isa = PBXBuildFile; fileRef = DDBD016A196DC4740033959E /* KIFTestActor+MapboxGL.m */; };
/* End PBXBuildFile section */

/* Begin PBXContainerItemProxy section */
		DDBD0160196DC3D70033959E /* PBXContainerItemProxy */ = {
			isa = PBXContainerItemProxy;
			containerPortal = DD04331B196DB9BC00E6F39D /* Project object */;
			proxyType = 1;
			remoteGlobalIDString = DD043322196DB9BC00E6F39D;
			remoteInfo = "Mapbox GL Tests";
		};
/* End PBXContainerItemProxy section */

/* Begin PBXCopyFilesBuildPhase section */
		DA482C821C12582600772FE3 /* Embed Frameworks */ = {
			isa = PBXCopyFilesBuildPhase;
			buildActionMask = 2147483647;
			dstPath = "";
			dstSubfolderSpec = 10;
			files = (
				DA482C811C12582600772FE3 /* Mapbox.framework in Embed Frameworks */,
			);
			name = "Embed Frameworks";
			runOnlyForDeploymentPostprocessing = 0;
		};
/* End PBXCopyFilesBuildPhase section */

/* Begin PBXFileReference section */
		96567A221B0E84CD00D78776 /* LaunchScreen.xib */ = {isa = PBXFileReference; fileEncoding = 4; lastKnownFileType = file.xib; path = LaunchScreen.xib; sourceTree = SOURCE_ROOT; };
		96567A301B0E8BB900D78776 /* Images.xcassets */ = {isa = PBXFileReference; lastKnownFileType = folder.assetcatalog; path = Images.xcassets; sourceTree = SOURCE_ROOT; };
		DA180EF11DD1A4DF000A211D /* OHHTTPStubs.framework */ = {isa = PBXFileReference; lastKnownFileType = wrapper.framework; name = OHHTTPStubs.framework; path = "OHHTTPStubs/OHHTTPStubs/build/Debug-iphoneos/OHHTTPStubs.framework"; sourceTree = "<group>"; };
		DA482C7F1C12582600772FE3 /* Mapbox.framework */ = {isa = PBXFileReference; lastKnownFileType = wrapper.framework; path = Mapbox.framework; sourceTree = BUILT_PRODUCTS_DIR; };
		DA9C551B1CD9DFA7000A15C6 /* libKIF.a */ = {isa = PBXFileReference; lastKnownFileType = archive.ar; name = libKIF.a; path = "../../../build/ios/Build/Products/Debug-iphonesimulator/libKIF.a"; sourceTree = "<group>"; };
		DD043323196DB9BC00E6F39D /* Mapbox GL Tests.app */ = {isa = PBXFileReference; explicitFileType = wrapper.application; includeInIndex = 0; path = "Mapbox GL Tests.app"; sourceTree = BUILT_PRODUCTS_DIR; };
		DD04335F196DBBD500E6F39D /* MGLTAppDelegate.m */ = {isa = PBXFileReference; fileEncoding = 4; lastKnownFileType = sourcecode.c.objc; path = MGLTAppDelegate.m; sourceTree = SOURCE_ROOT; };
		DD043360196DBBD500E6F39D /* MGLTViewController.m */ = {isa = PBXFileReference; fileEncoding = 4; lastKnownFileType = sourcecode.c.objc; path = MGLTViewController.m; sourceTree = SOURCE_ROOT; };
		DD043361196DBBD500E6F39D /* MGLTViewController.h */ = {isa = PBXFileReference; fileEncoding = 4; lastKnownFileType = sourcecode.c.h; path = MGLTViewController.h; sourceTree = SOURCE_ROOT; };
		DD043362196DBBD500E6F39D /* MGLTAppDelegate.h */ = {isa = PBXFileReference; fileEncoding = 4; lastKnownFileType = sourcecode.c.h; path = MGLTAppDelegate.h; sourceTree = SOURCE_ROOT; };
		DD043365196DBBE000E6F39D /* main.m */ = {isa = PBXFileReference; fileEncoding = 4; lastKnownFileType = sourcecode.c.objc; path = main.m; sourceTree = SOURCE_ROOT; };
		DD043367196DBCC200E6F39D /* App-Info.plist */ = {isa = PBXFileReference; fileEncoding = 4; lastKnownFileType = text.plist.xml; path = "App-Info.plist"; sourceTree = SOURCE_ROOT; };
		DD0580E71ACB628200B112C9 /* IOKit.framework */ = {isa = PBXFileReference; lastKnownFileType = wrapper.framework; name = IOKit.framework; path = Platforms/iPhoneSimulator.platform/Developer/SDKs/iPhoneSimulator.sdk/System/Library/Frameworks/IOKit.framework; sourceTree = DEVELOPER_DIR; };
		DD0E6F701B0190E200DC035A /* libOCMock.a */ = {isa = PBXFileReference; lastKnownFileType = archive.ar; name = libOCMock.a; path = OCMock/libOCMock.a; sourceTree = SOURCE_ROOT; };
		DD0E6F721B0190E200DC035A /* NSNotificationCenter+OCMAdditions.h */ = {isa = PBXFileReference; fileEncoding = 4; lastKnownFileType = sourcecode.c.h; path = "NSNotificationCenter+OCMAdditions.h"; sourceTree = "<group>"; };
		DD0E6F731B0190E200DC035A /* OCMArg.h */ = {isa = PBXFileReference; fileEncoding = 4; lastKnownFileType = sourcecode.c.h; path = OCMArg.h; sourceTree = "<group>"; };
		DD0E6F741B0190E200DC035A /* OCMConstraint.h */ = {isa = PBXFileReference; fileEncoding = 4; lastKnownFileType = sourcecode.c.h; path = OCMConstraint.h; sourceTree = "<group>"; };
		DD0E6F751B0190E200DC035A /* OCMLocation.h */ = {isa = PBXFileReference; fileEncoding = 4; lastKnownFileType = sourcecode.c.h; path = OCMLocation.h; sourceTree = "<group>"; };
		DD0E6F761B0190E200DC035A /* OCMMacroState.h */ = {isa = PBXFileReference; fileEncoding = 4; lastKnownFileType = sourcecode.c.h; path = OCMMacroState.h; sourceTree = "<group>"; };
		DD0E6F771B0190E200DC035A /* OCMock.h */ = {isa = PBXFileReference; fileEncoding = 4; lastKnownFileType = sourcecode.c.h; path = OCMock.h; sourceTree = "<group>"; };
		DD0E6F781B0190E200DC035A /* OCMockObject.h */ = {isa = PBXFileReference; fileEncoding = 4; lastKnownFileType = sourcecode.c.h; path = OCMockObject.h; sourceTree = "<group>"; };
		DD0E6F791B0190E200DC035A /* OCMRecorder.h */ = {isa = PBXFileReference; fileEncoding = 4; lastKnownFileType = sourcecode.c.h; path = OCMRecorder.h; sourceTree = "<group>"; };
		DD0E6F7A1B0190E200DC035A /* OCMStubRecorder.h */ = {isa = PBXFileReference; fileEncoding = 4; lastKnownFileType = sourcecode.c.h; path = OCMStubRecorder.h; sourceTree = "<group>"; };
		DDBD0152196DC3D70033959E /* Test Bundle.xctest */ = {isa = PBXFileReference; explicitFileType = wrapper.cfbundle; includeInIndex = 0; path = "Test Bundle.xctest"; sourceTree = BUILT_PRODUCTS_DIR; };
		DDBD0165196DC4560033959E /* Bundle-Info.plist */ = {isa = PBXFileReference; fileEncoding = 4; lastKnownFileType = text.plist.xml; path = "Bundle-Info.plist"; sourceTree = SOURCE_ROOT; };
		DDBD0168196DC4740033959E /* MapViewTests.m */ = {isa = PBXFileReference; fileEncoding = 4; lastKnownFileType = sourcecode.c.objc; path = MapViewTests.m; sourceTree = SOURCE_ROOT; };
		DDBD016A196DC4740033959E /* KIFTestActor+MapboxGL.m */ = {isa = PBXFileReference; fileEncoding = 4; lastKnownFileType = sourcecode.c.objc; path = "KIFTestActor+MapboxGL.m"; sourceTree = SOURCE_ROOT; };
		DDBD016B196DC4740033959E /* KIFTestActor+MapboxGL.h */ = {isa = PBXFileReference; fileEncoding = 4; lastKnownFileType = sourcecode.c.h; path = "KIFTestActor+MapboxGL.h"; sourceTree = SOURCE_ROOT; };
/* End PBXFileReference section */

/* Begin PBXFrameworksBuildPhase section */
		DD043320196DB9BC00E6F39D /* Frameworks */ = {
			isa = PBXFrameworksBuildPhase;
			buildActionMask = 2147483647;
			files = (
				DA482C801C12582600772FE3 /* Mapbox.framework in Frameworks */,
			);
			runOnlyForDeploymentPostprocessing = 0;
		};
		DDBD014F196DC3D70033959E /* Frameworks */ = {
			isa = PBXFrameworksBuildPhase;
			buildActionMask = 2147483647;
			files = (
				DA180EF21DD1A4DF000A211D /* OHHTTPStubs.framework in Frameworks */,
				DD0580E81ACB628200B112C9 /* IOKit.framework in Frameworks */,
				DA9C551D1CD9DFCD000A15C6 /* libKIF.a in Frameworks */,
				DD0E6F841B0190E200DC035A /* libOCMock.a in Frameworks */,
			);
			runOnlyForDeploymentPostprocessing = 0;
		};
/* End PBXFrameworksBuildPhase section */

/* Begin PBXGroup section */
		DD04331A196DB9BC00E6F39D = {
			isa = PBXGroup;
			children = (
				DD04332C196DB9BC00E6F39D /* App */,
				DDBD0139196DC38D0033959E /* Tests */,
				DD043325196DB9BC00E6F39D /* Frameworks */,
				DD043324196DB9BC00E6F39D /* Products */,
			);
			sourceTree = "<group>";
		};
		DD043324196DB9BC00E6F39D /* Products */ = {
			isa = PBXGroup;
			children = (
				DD043323196DB9BC00E6F39D /* Mapbox GL Tests.app */,
				DDBD0152196DC3D70033959E /* Test Bundle.xctest */,
			);
			name = Products;
			sourceTree = "<group>";
		};
		DD043325196DB9BC00E6F39D /* Frameworks */ = {
			isa = PBXGroup;
			children = (
				DA180EF11DD1A4DF000A211D /* OHHTTPStubs.framework */,
				DA9C551B1CD9DFA7000A15C6 /* libKIF.a */,
				DA482C7F1C12582600772FE3 /* Mapbox.framework */,
				DD0580E71ACB628200B112C9 /* IOKit.framework */,
			);
			name = Frameworks;
			sourceTree = "<group>";
		};
		DD04332C196DB9BC00E6F39D /* App */ = {
			isa = PBXGroup;
			children = (
				DD043362196DBBD500E6F39D /* MGLTAppDelegate.h */,
				DD04335F196DBBD500E6F39D /* MGLTAppDelegate.m */,
				DD043361196DBBD500E6F39D /* MGLTViewController.h */,
				DD043360196DBBD500E6F39D /* MGLTViewController.m */,
				DD04332D196DB9BC00E6F39D /* Supporting Files */,
			);
			name = App;
			path = "Mapbox GL Tests";
			sourceTree = "<group>";
		};
		DD04332D196DB9BC00E6F39D /* Supporting Files */ = {
			isa = PBXGroup;
			children = (
				96567A301B0E8BB900D78776 /* Images.xcassets */,
				DD043367196DBCC200E6F39D /* App-Info.plist */,
				DD043365196DBBE000E6F39D /* main.m */,
				96567A221B0E84CD00D78776 /* LaunchScreen.xib */,
			);
			name = "Supporting Files";
			sourceTree = "<group>";
		};
		DD0E6F6B1B01906600DC035A /* OCMock */ = {
			isa = PBXGroup;
			children = (
				DD0E6F701B0190E200DC035A /* libOCMock.a */,
				DD0E6F711B0190E200DC035A /* OCMock */,
			);
			name = OCMock;
			sourceTree = "<group>";
		};
		DD0E6F711B0190E200DC035A /* OCMock */ = {
			isa = PBXGroup;
			children = (
				DD0E6F721B0190E200DC035A /* NSNotificationCenter+OCMAdditions.h */,
				DD0E6F731B0190E200DC035A /* OCMArg.h */,
				DD0E6F741B0190E200DC035A /* OCMConstraint.h */,
				DD0E6F751B0190E200DC035A /* OCMLocation.h */,
				DD0E6F761B0190E200DC035A /* OCMMacroState.h */,
				DD0E6F771B0190E200DC035A /* OCMock.h */,
				DD0E6F781B0190E200DC035A /* OCMockObject.h */,
				DD0E6F791B0190E200DC035A /* OCMRecorder.h */,
				DD0E6F7A1B0190E200DC035A /* OCMStubRecorder.h */,
			);
			name = OCMock;
			path = OCMock/OCMock;
			sourceTree = SOURCE_ROOT;
		};
		DDBD0139196DC38D0033959E /* Tests */ = {
			isa = PBXGroup;
			children = (
				DDBD016B196DC4740033959E /* KIFTestActor+MapboxGL.h */,
				DDBD016A196DC4740033959E /* KIFTestActor+MapboxGL.m */,
				DDBD0168196DC4740033959E /* MapViewTests.m */,
				DDBD0167196DC46B0033959E /* Supporting Files */,
				DD0E6F6B1B01906600DC035A /* OCMock */,
			);
			name = Tests;
			path = "Mapbox GL Tests";
			sourceTree = "<group>";
		};
		DDBD0167196DC46B0033959E /* Supporting Files */ = {
			isa = PBXGroup;
			children = (
				DDBD0165196DC4560033959E /* Bundle-Info.plist */,
			);
			name = "Supporting Files";
			sourceTree = "<group>";
		};
/* End PBXGroup section */

/* Begin PBXNativeTarget section */
		DD043322196DB9BC00E6F39D /* Mapbox GL Tests */ = {
			isa = PBXNativeTarget;
			buildConfigurationList = DD043358196DB9BC00E6F39D /* Build configuration list for PBXNativeTarget "Mapbox GL Tests" */;
			buildPhases = (
				DD04331F196DB9BC00E6F39D /* Sources */,
				DD043320196DB9BC00E6F39D /* Frameworks */,
				DD043321196DB9BC00E6F39D /* Resources */,
				DA482C821C12582600772FE3 /* Embed Frameworks */,
			);
			buildRules = (
			);
			dependencies = (
			);
			name = "Mapbox GL Tests";
			productName = "Mapbox GL Tests";
			productReference = DD043323196DB9BC00E6F39D /* Mapbox GL Tests.app */;
			productType = "com.apple.product-type.application";
		};
		DDBD0151196DC3D70033959E /* Test Bundle */ = {
			isa = PBXNativeTarget;
			buildConfigurationList = DDBD0162196DC3D70033959E /* Build configuration list for PBXNativeTarget "Test Bundle" */;
			buildPhases = (
				DDBD014E196DC3D70033959E /* Sources */,
				DDBD014F196DC3D70033959E /* Frameworks */,
				DDBD0150196DC3D70033959E /* Resources */,
			);
			buildRules = (
			);
			dependencies = (
				DDBD0161196DC3D70033959E /* PBXTargetDependency */,
			);
			name = "Test Bundle";
			productName = "Test Bundle";
			productReference = DDBD0152196DC3D70033959E /* Test Bundle.xctest */;
			productType = "com.apple.product-type.bundle.unit-test";
		};
/* End PBXNativeTarget section */

/* Begin PBXProject section */
		DD04331B196DB9BC00E6F39D /* Project object */ = {
			isa = PBXProject;
			attributes = {
				CLASSPREFIX = MGLT;
				LastUpgradeCheck = 0700;
				ORGANIZATIONNAME = Mapbox;
				TargetAttributes = {
					DDBD0151196DC3D70033959E = {
						TestTargetID = DD043322196DB9BC00E6F39D;
					};
				};
			};
			buildConfigurationList = DD04331E196DB9BC00E6F39D /* Build configuration list for PBXProject "ios-tests" */;
			compatibilityVersion = "Xcode 3.2";
			developmentRegion = English;
			hasScannedForEncodings = 0;
			knownRegions = (
				en,
				Base,
			);
			mainGroup = DD04331A196DB9BC00E6F39D;
			productRefGroup = DD043324196DB9BC00E6F39D /* Products */;
			projectDirPath = "";
			projectRoot = "";
			targets = (
				DD043322196DB9BC00E6F39D /* Mapbox GL Tests */,
				DDBD0151196DC3D70033959E /* Test Bundle */,
			);
		};
/* End PBXProject section */

/* Begin PBXResourcesBuildPhase section */
		DD043321196DB9BC00E6F39D /* Resources */ = {
			isa = PBXResourcesBuildPhase;
			buildActionMask = 2147483647;
			files = (
				96567A311B0E8BB900D78776 /* Images.xcassets in Resources */,
				96567A231B0E84CD00D78776 /* LaunchScreen.xib in Resources */,
			);
			runOnlyForDeploymentPostprocessing = 0;
		};
		DDBD0150196DC3D70033959E /* Resources */ = {
			isa = PBXResourcesBuildPhase;
			buildActionMask = 2147483647;
			files = (
			);
			runOnlyForDeploymentPostprocessing = 0;
		};
/* End PBXResourcesBuildPhase section */

/* Begin PBXSourcesBuildPhase section */
		DD04331F196DB9BC00E6F39D /* Sources */ = {
			isa = PBXSourcesBuildPhase;
			buildActionMask = 2147483647;
			files = (
				DD043366196DBBE000E6F39D /* main.m in Sources */,
				DD043363196DBBD500E6F39D /* MGLTAppDelegate.m in Sources */,
				DD043364196DBBD500E6F39D /* MGLTViewController.m in Sources */,
			);
			runOnlyForDeploymentPostprocessing = 0;
		};
		DDBD014E196DC3D70033959E /* Sources */ = {
			isa = PBXSourcesBuildPhase;
			buildActionMask = 2147483647;
			files = (
				DDBD016D196DC4740033959E /* KIFTestActor+MapboxGL.m in Sources */,
				DDBD016C196DC4740033959E /* MapViewTests.m in Sources */,
			);
			runOnlyForDeploymentPostprocessing = 0;
		};
/* End PBXSourcesBuildPhase section */

/* Begin PBXTargetDependency section */
		DDBD0161196DC3D70033959E /* PBXTargetDependency */ = {
			isa = PBXTargetDependency;
			target = DD043322196DB9BC00E6F39D /* Mapbox GL Tests */;
			targetProxy = DDBD0160196DC3D70033959E /* PBXContainerItemProxy */;
		};
/* End PBXTargetDependency section */

/* Begin XCBuildConfiguration section */
		DD043356196DB9BC00E6F39D /* Debug */ = {
			isa = XCBuildConfiguration;
			buildSettings = {
				ALWAYS_SEARCH_USER_PATHS = NO;
				CLANG_CXX_LANGUAGE_STANDARD = "gnu++0x";
				CLANG_CXX_LIBRARY = "libc++";
				CLANG_ENABLE_MODULES = YES;
				CLANG_ENABLE_OBJC_ARC = YES;
				CLANG_WARN_BOOL_CONVERSION = YES;
				CLANG_WARN_CONSTANT_CONVERSION = YES;
				CLANG_WARN_DIRECT_OBJC_ISA_USAGE = YES_ERROR;
				CLANG_WARN_EMPTY_BODY = YES;
				CLANG_WARN_ENUM_CONVERSION = YES;
				CLANG_WARN_INT_CONVERSION = YES;
				CLANG_WARN_OBJC_ROOT_CLASS = YES_ERROR;
				CLANG_WARN__DUPLICATE_METHOD_MATCH = YES;
				"CODE_SIGN_IDENTITY[sdk=iphoneos*]" = "iPhone Developer";
				COPY_PHASE_STRIP = NO;
				ENABLE_TESTABILITY = YES;
				GCC_C_LANGUAGE_STANDARD = gnu99;
				GCC_DYNAMIC_NO_PIC = NO;
				GCC_OPTIMIZATION_LEVEL = 0;
				GCC_PREPROCESSOR_DEFINITIONS = (
					"DEBUG=1",
					"$(inherited)",
				);
				GCC_SYMBOLS_PRIVATE_EXTERN = YES;
				GCC_WARN_64_TO_32_BIT_CONVERSION = YES;
				GCC_WARN_ABOUT_RETURN_TYPE = YES_ERROR;
				GCC_WARN_UNDECLARED_SELECTOR = YES;
				GCC_WARN_UNINITIALIZED_AUTOS = YES_AGGRESSIVE;
				GCC_WARN_UNUSED_FUNCTION = YES;
				GCC_WARN_UNUSED_VARIABLE = YES;
				IPHONEOS_DEPLOYMENT_TARGET = 8.0;
				ONLY_ACTIVE_ARCH = YES;
				SDKROOT = iphoneos;
				SYMROOT = ../../../build/ios;
				TARGETED_DEVICE_FAMILY = "1,2";
			};
			name = Debug;
		};
		DD043357196DB9BC00E6F39D /* Release */ = {
			isa = XCBuildConfiguration;
			buildSettings = {
				ALWAYS_SEARCH_USER_PATHS = NO;
				CLANG_CXX_LANGUAGE_STANDARD = "gnu++0x";
				CLANG_CXX_LIBRARY = "libc++";
				CLANG_ENABLE_MODULES = YES;
				CLANG_ENABLE_OBJC_ARC = YES;
				CLANG_WARN_BOOL_CONVERSION = YES;
				CLANG_WARN_CONSTANT_CONVERSION = YES;
				CLANG_WARN_DIRECT_OBJC_ISA_USAGE = YES_ERROR;
				CLANG_WARN_EMPTY_BODY = YES;
				CLANG_WARN_ENUM_CONVERSION = YES;
				CLANG_WARN_INT_CONVERSION = YES;
				CLANG_WARN_OBJC_ROOT_CLASS = YES_ERROR;
				CLANG_WARN__DUPLICATE_METHOD_MATCH = YES;
				"CODE_SIGN_IDENTITY[sdk=iphoneos*]" = "iPhone Developer";
				COPY_PHASE_STRIP = YES;
				ENABLE_NS_ASSERTIONS = NO;
				GCC_C_LANGUAGE_STANDARD = gnu99;
				GCC_SYMBOLS_PRIVATE_EXTERN = YES;
				GCC_WARN_64_TO_32_BIT_CONVERSION = YES;
				GCC_WARN_ABOUT_RETURN_TYPE = YES_ERROR;
				GCC_WARN_UNDECLARED_SELECTOR = YES;
				GCC_WARN_UNINITIALIZED_AUTOS = YES_AGGRESSIVE;
				GCC_WARN_UNUSED_FUNCTION = YES;
				GCC_WARN_UNUSED_VARIABLE = YES;
				IPHONEOS_DEPLOYMENT_TARGET = 8.0;
				SDKROOT = iphoneos;
				SYMROOT = ../../../build/ios;
				TARGETED_DEVICE_FAMILY = "1,2";
				VALIDATE_PRODUCT = YES;
			};
			name = Release;
		};
		DD043359196DB9BC00E6F39D /* Debug */ = {
			isa = XCBuildConfiguration;
			buildSettings = {
				ASSETCATALOG_COMPILER_APPICON_NAME = AppIcon;
				ASSETCATALOG_COMPILER_LAUNCHIMAGE_NAME = LaunchImage;
				FRAMEWORK_SEARCH_PATHS = "$(inherited)";
				HEADER_SEARCH_PATHS = "";
				INFOPLIST_FILE = "$(SRCROOT)/App-Info.plist";
				IPHONEOS_DEPLOYMENT_TARGET = 8.0;
				LD_RUNPATH_SEARCH_PATHS = "@executable_path/Frameworks";
				OTHER_LDFLAGS = "";
				PRODUCT_BUNDLE_IDENTIFIER = "com.mapbox.${PRODUCT_NAME:rfc1034identifier}";
				PRODUCT_NAME = "$(TARGET_NAME)";
				TARGETED_DEVICE_FAMILY = "1,2";
				WRAPPER_EXTENSION = app;
			};
			name = Debug;
		};
		DD04335A196DB9BC00E6F39D /* Release */ = {
			isa = XCBuildConfiguration;
			buildSettings = {
				ASSETCATALOG_COMPILER_APPICON_NAME = AppIcon;
				ASSETCATALOG_COMPILER_LAUNCHIMAGE_NAME = LaunchImage;
				FRAMEWORK_SEARCH_PATHS = "$(inherited)";
				HEADER_SEARCH_PATHS = "";
				INFOPLIST_FILE = "$(SRCROOT)/App-Info.plist";
				IPHONEOS_DEPLOYMENT_TARGET = 8.0;
				LD_RUNPATH_SEARCH_PATHS = "@executable_path/Frameworks";
				OTHER_LDFLAGS = "";
				PRODUCT_BUNDLE_IDENTIFIER = "com.mapbox.${PRODUCT_NAME:rfc1034identifier}";
				PRODUCT_NAME = "$(TARGET_NAME)";
				TARGETED_DEVICE_FAMILY = "1,2";
				WRAPPER_EXTENSION = app;
			};
			name = Release;
		};
		DDBD0163196DC3D70033959E /* Debug */ = {
			isa = XCBuildConfiguration;
			buildSettings = {
				BUNDLE_LOADER = "$(BUILT_PRODUCTS_DIR)/Mapbox GL Tests.app/Mapbox GL Tests";
				FRAMEWORK_SEARCH_PATHS = (
					"$(inherited)",
					"$(PROJECT_DIR)/OHHTTPStubs/OHHTTPStubs/build/Debug-iphoneos",
				);
				GCC_PREPROCESSOR_DEFINITIONS = (
					"DEBUG=1",
					"$(inherited)",
					"KIF_XCTEST=1",
				);
				HEADER_SEARCH_PATHS = (
					"$(inherited)",
					/Applications/Xcode.app/Contents/Developer/Toolchains/XcodeDefault.xctoolchain/usr/include,
					OCMock,
					OHHTTPStubs/OHHTTPStubs/Sources,
				);
				INFOPLIST_FILE = "Bundle-Info.plist";
				LIBRARY_SEARCH_PATHS = (
					"$(inherited)",
					"$(PROJECT_DIR)/OCMock",
				);
				OTHER_LDFLAGS = (
					"$(inherited)",
					"-framework",
					XCTest,
					"-ObjC",
				);
				PRODUCT_BUNDLE_IDENTIFIER = "com.mapbox.${PRODUCT_NAME:rfc1034identifier}";
				PRODUCT_NAME = "$(TARGET_NAME)";
				TEST_HOST = "$(BUNDLE_LOADER)";
				WRAPPER_EXTENSION = xctest;
			};
			name = Debug;
		};
		DDBD0164196DC3D70033959E /* Release */ = {
			isa = XCBuildConfiguration;
			buildSettings = {
				BUNDLE_LOADER = "$(BUILT_PRODUCTS_DIR)/Mapbox GL Tests.app/Mapbox GL Tests";
				FRAMEWORK_SEARCH_PATHS = (
					"$(inherited)",
					"$(PROJECT_DIR)/OHHTTPStubs/OHHTTPStubs/build/Debug-iphoneos",
				);
				GCC_PREPROCESSOR_DEFINITIONS = "KIF_XCTEST=1";
				HEADER_SEARCH_PATHS = (
					"$(inherited)",
					/Applications/Xcode.app/Contents/Developer/Toolchains/XcodeDefault.xctoolchain/usr/include,
					OCMock,
					OHHTTPStubs/OHHTTPStubs/Sources,
				);
				INFOPLIST_FILE = "Bundle-Info.plist";
				LIBRARY_SEARCH_PATHS = (
					"$(inherited)",
					"$(PROJECT_DIR)/OCMock",
				);
				OTHER_LDFLAGS = (
					"$(inherited)",
					"-framework",
					XCTest,
					"-ObjC",
				);
				PRODUCT_BUNDLE_IDENTIFIER = "com.mapbox.${PRODUCT_NAME:rfc1034identifier}";
				PRODUCT_NAME = "$(TARGET_NAME)";
				TEST_HOST = "$(BUNDLE_LOADER)";
				WRAPPER_EXTENSION = xctest;
			};
			name = Release;
		};
/* End XCBuildConfiguration section */

/* Begin XCConfigurationList section */
		DD04331E196DB9BC00E6F39D /* Build configuration list for PBXProject "ios-tests" */ = {
			isa = XCConfigurationList;
			buildConfigurations = (
				DD043356196DB9BC00E6F39D /* Debug */,
				DD043357196DB9BC00E6F39D /* Release */,
			);
			defaultConfigurationIsVisible = 0;
			defaultConfigurationName = Release;
		};
		DD043358196DB9BC00E6F39D /* Build configuration list for PBXNativeTarget "Mapbox GL Tests" */ = {
			isa = XCConfigurationList;
			buildConfigurations = (
				DD043359196DB9BC00E6F39D /* Debug */,
				DD04335A196DB9BC00E6F39D /* Release */,
			);
			defaultConfigurationIsVisible = 0;
			defaultConfigurationName = Release;
		};
		DDBD0162196DC3D70033959E /* Build configuration list for PBXNativeTarget "Test Bundle" */ = {
			isa = XCConfigurationList;
			buildConfigurations = (
				DDBD0163196DC3D70033959E /* Debug */,
				DDBD0164196DC3D70033959E /* Release */,
			);
			defaultConfigurationIsVisible = 0;
			defaultConfigurationName = Release;
		};
/* End XCConfigurationList section */
	};
	rootObject = DD04331B196DB9BC00E6F39D /* Project object */;
}
