<?xml version="1.0" encoding="UTF-8"?>
<Scheme
   LastUpgradeVersion = "0830"
   version = "1.3">
   <BuildAction
      parallelizeBuildables = "YES"
      buildImplicitDependencies = "YES">
      <BuildActionEntries>
         <BuildActionEntry
            buildForTesting = "YES"
            buildForRunning = "YES"
            buildForProfiling = "YES"
            buildForArchiving = "YES"
            buildForAnalyzing = "YES">
            <BuildableReference
               BuildableIdentifier = "primary"
               BlueprintIdentifier = "${XCSCHEME_BLUEPRINT_ID}"
               BuildableName = "${XCSCHEME_BUILDABLE_NAME}"
               BlueprintName = "${XCSCHEME_BLUEPRINT_NAME}"
               ReferencedContainer = "container:${XCSCHEME_CONTAINER}">
            </BuildableReference>
         </BuildActionEntry>
      </BuildActionEntries>
   </BuildAction>
   <TestAction
      buildConfiguration = "Debug"
      selectedDebuggerIdentifier = "Xcode.DebuggerFoundation.Debugger.LLDB"
      selectedLauncherIdentifier = "Xcode.DebuggerFoundation.Launcher.LLDB"
      shouldUseLaunchSchemeArgsEnv = "YES">
      <Testables>
      </Testables>
      <MacroExpansion>
         <BuildableReference
            BuildableIdentifier = "primary"
            BlueprintIdentifier = "${XCSCHEME_BLUEPRINT_ID}"
            BuildableName = "${XCSCHEME_BUILDABLE_NAME}"
            BlueprintName = "${XCSCHEME_BLUEPRINT_NAME}"
            ReferencedContainer = "container:${XCSCHEME_CONTAINER}">
         </BuildableReference>
      </MacroExpansion>
      <AdditionalOptions>
      </AdditionalOptions>
   </TestAction>
   <LaunchAction
      buildConfiguration = "Debug"
      selectedDebuggerIdentifier = "Xcode.DebuggerFoundation.Debugger.LLDB"
      selectedLauncherIdentifier = "Xcode.DebuggerFoundation.Launcher.LLDB"
      launchStyle = "0"
      useCustomWorkingDirectory = "YES"
      customWorkingDirectory = "${XCSCHEME_WORKING_DIRECTORY}"
      ignoresPersistentStateOnLaunch = "NO"
      debugDocumentVersioning = "YES"
      debugServiceExtension = "internal"
      allowLocationSimulation = "YES">
      <BuildableProductRunnable
         runnableDebuggingMode = "0">
         <BuildableReference
            BuildableIdentifier = "primary"
            BlueprintIdentifier = "${XCSCHEME_BLUEPRINT_ID}"
            BuildableName = "${XCSCHEME_BUILDABLE_NAME}"
            BlueprintName = "${XCSCHEME_BLUEPRINT_NAME}"
            ReferencedContainer = "container:${XCSCHEME_CONTAINER}">
         </BuildableReference>
      </BuildableProductRunnable>
      <CommandLineArguments>${XCSCHEME_COMMAND_LINE_ARGS}
      </CommandLineArguments>
      <EnvironmentVariables>
         <EnvironmentVariable
            key = "MAPBOX_ACCESS_TOKEN"
            value = "$ENV{MAPBOX_ACCESS_TOKEN}"
            isEnabled = "YES">
         </EnvironmentVariable>
      </EnvironmentVariables>
      <AdditionalOptions>
      </AdditionalOptions>
   </LaunchAction>
   <ProfileAction
      buildConfiguration = "Debug"
      shouldUseLaunchSchemeArgsEnv = "YES"
      savedToolIdentifier = ""
      useCustomWorkingDirectory = "YES"
      customWorkingDirectory = "${XCSCHEME_WORKING_DIRECTORY}"
      debugDocumentVersioning = "YES">
      <PathRunnable
         runnableDebuggingMode = "0"
         FilePath = "${XCSCHEME_NODE_EXECUTABLE}">
      </PathRunnable>
      <BuildableProductRunnable
         runnableDebuggingMode = "0">
         <BuildableReference
            BuildableIdentifier = "primary"
            BlueprintIdentifier = "${XCSCHEME_BLUEPRINT_ID}"
            BuildableName = "${XCSCHEME_BUILDABLE_NAME}"
            BlueprintName = "${XCSCHEME_BLUEPRINT_NAME}"
            ReferencedContainer = "container:${XCSCHEME_CONTAINER}">
         </BuildableReference>
      </BuildableProductRunnable>
   </ProfileAction>
   <AnalyzeAction
      buildConfiguration = "Debug">
   </AnalyzeAction>
   <ArchiveAction
      buildConfiguration = "Release"
      revealArchiveInOrganizer = "YES">
   </ArchiveAction>
</Scheme>
